
Microsoft Visual Studio Solution File, Format Version 12.00
# Visual Studio 2013
VisualStudioVersion = 12.0.30501.0
MinimumVisualStudioVersion = 10.0.40219.1
Project("{FAE04EC0-301F-11D3-BF4B-00C04F79EFBC}") = "SPMeta2", "SPMeta2\SPMeta2.csproj", "{EE49D3FD-6180-40E6-829F-6831FF89DAC6}"
EndProject
Project("{2150E333-8FDC-42A3-9474-1A3956D46DE8}") = "Impl", "Impl", "{8A0307D3-5564-4034-9DB1-D13FEE1DADD9}"
EndProject
Project("{2150E333-8FDC-42A3-9474-1A3956D46DE8}") = "CSOM", "CSOM", "{F033F269-10B2-426D-9D8D-FCC9383498DF}"
EndProject
Project("{2150E333-8FDC-42A3-9474-1A3956D46DE8}") = "JSOM", "JSOM", "{4145FC34-6ED3-4C44-B700-C7F350E6FE7F}"
EndProject
Project("{FAE04EC0-301F-11D3-BF4B-00C04F79EFBC}") = "SPMeta2.CSOM", "SPMeta2.CSOM\SPMeta2.CSOM.csproj", "{6F7EBF0C-7124-44D6-B9EC-302A54A19FE4}"
EndProject
Project("{FAE04EC0-301F-11D3-BF4B-00C04F79EFBC}") = "SPMeta2.SSOM", "SPMeta2.SSOM\SPMeta2.SSOM.csproj", "{FBD78AC1-B766-4332-A9B1-C73EE64FD5C6}"
EndProject
Project("{FAE04EC0-301F-11D3-BF4B-00C04F79EFBC}") = "SPMeta2.Syntax.Default", "SPMeta2.Syntax.Default\SPMeta2.Syntax.Default.csproj", "{6F7E5D77-0A17-4409-BE8C-94389D276FA9}"
EndProject
Project("{2150E333-8FDC-42A3-9474-1A3956D46DE8}") = "Core", "Core", "{E82F6DFA-D355-449F-A964-B30529CC9D50}"
EndProject
Project("{2150E333-8FDC-42A3-9474-1A3956D46DE8}") = "SSOM", "SSOM", "{94191759-5F75-41E2-AA43-E1BF6B151C96}"
EndProject
Project("{2150E333-8FDC-42A3-9474-1A3956D46DE8}") = "Sandbox", "Sandbox", "{21E1DC08-9E12-40BE-BFAE-34752EAC80A1}"
EndProject
Project("{FAE04EC0-301F-11D3-BF4B-00C04F79EFBC}") = "SPMeta2.SSOM.Samples.FoundationAppTests", "SPMeta2.SSOM.Samples.FoundationAppTests\SPMeta2.SSOM.Samples.FoundationAppTests.csproj", "{2C036C91-C740-4FAE-9D0C-92F482A6711F}"
EndProject
Project("{2150E333-8FDC-42A3-9474-1A3956D46DE8}") = "Regression", "Regression", "{79E8096D-13C1-422C-A39C-68DD5C76DAC2}"
EndProject
Project("{FAE04EC0-301F-11D3-BF4B-00C04F79EFBC}") = "SPMeta2.Regression", "SPMeta2.Regression\SPMeta2.Regression.csproj", "{2B5CA105-8D61-4704-B9CE-C1CBA53AAAB0}"
EndProject
Project("{FAE04EC0-301F-11D3-BF4B-00C04F79EFBC}") = "SPMeta2.Regression.CSOM", "SPMeta2.Regression.CSOM\SPMeta2.Regression.CSOM.csproj", "{5A1B98BF-4EA4-4DEE-988F-FA62EEFC9EB0}"
EndProject
Project("{FAE04EC0-301F-11D3-BF4B-00C04F79EFBC}") = "SPMeta2.Regression.SSOM", "SPMeta2.Regression.SSOM\SPMeta2.Regression.SSOM.csproj", "{00E1581F-31D9-493E-AD16-C188AE966458}"
EndProject
Project("{FAE04EC0-301F-11D3-BF4B-00C04F79EFBC}") = "SPMeta2.Regression.Common", "SPMeta2.Regression.Common\SPMeta2.Regression.Common.csproj", "{E9D05AE0-6466-45CD-B28D-63F87097D721}"
EndProject
Project("{FAE04EC0-301F-11D3-BF4B-00C04F79EFBC}") = "SPMeta2.SSOM.Behaviours", "SPMeta2.SSOM.Behaviours\SPMeta2.SSOM.Behaviours.csproj", "{30713329-8770-4D27-9C4A-8ACA36A6EF2A}"
EndProject
Project("{2150E333-8FDC-42A3-9474-1A3956D46DE8}") = "_3rd party", "_3rd party", "{EE9BD842-2CA9-45B2-AB7C-A8EB0353AAB7}"
EndProject
Project("{2150E333-8FDC-42A3-9474-1A3956D46DE8}") = "Sandbox", "Sandbox", "{D251BC1A-BCD5-4019-ABA7-14685D34B9F4}"
EndProject
Project("{FAE04EC0-301F-11D3-BF4B-00C04F79EFBC}") = "SPMeta2.CSOM.Behaviours", "SPMeta2.CSOM.Behaviours\SPMeta2.CSOM.Behaviours.csproj", "{5D604B9F-4A28-424D-AB1D-D5F4B7CBE848}"
EndProject
Project("{FAE04EC0-301F-11D3-BF4B-00C04F79EFBC}") = "SPMeta2.CSOM.Tests", "SPMeta2.CSOM.Tests\SPMeta2.CSOM.Tests.csproj", "{E1F11214-95FA-4F87-A480-83CAC1D88AAF}"
EndProject
Project("{2150E333-8FDC-42A3-9474-1A3956D46DE8}") = "Syntax", "Syntax", "{DA317935-27C9-4ACD-88B3-B687FE4A9B7E}"
EndProject
Project("{2150E333-8FDC-42A3-9474-1A3956D46DE8}") = "Sandbox", "Sandbox", "{EEDD55F8-EF18-419B-80B7-26BC273726A2}"
EndProject
Project("{FAE04EC0-301F-11D3-BF4B-00C04F79EFBC}") = "SPMeta2.Regression.MinimalModelTests", "SPMeta2.Regression.MinimalModelTests\SPMeta2.Regression.MinimalModelTests.csproj", "{6140491C-9E6F-474C-9035-50B87B76C703}"
EndProject
Project("{2150E333-8FDC-42A3-9474-1A3956D46DE8}") = "VS", "VS", "{F2EB02F9-CD2E-4C76-A00F-27CEEA0F2310}"
EndProject
Project("{2150E333-8FDC-42A3-9474-1A3956D46DE8}") = "Snippets", "Snippets", "{06C881CA-5FC3-4E0E-9F98-F564B95E607D}"
EndProject
Project("{FAE04EC0-301F-11D3-BF4B-00C04F79EFBC}") = "SPMeta2.Common", "SPMeta2.Common\SPMeta2.Common.csproj", "{3C2DCEEB-8C4E-4663-BAD9-41F536371A85}"
EndProject
Project("{FAE04EC0-301F-11D3-BF4B-00C04F79EFBC}") = "SPMeta2.Common.Tests", "SPMeta2.Common.Tests\SPMeta2.Common.Tests.csproj", "{6F14ABCF-7D33-46A9-85B4-548F46A5D28E}"
EndProject
Project("{FAE04EC0-301F-11D3-BF4B-00C04F79EFBC}") = "SPMeta2.CSOM.Standard", "SPMeta2.CSOM.Standard\SPMeta2.CSOM.Standard.csproj", "{5E592EAA-E21F-4BF4-8EDF-6F6452DC916A}"
EndProject
Project("{FAE04EC0-301F-11D3-BF4B-00C04F79EFBC}") = "SPMeta2.CSOM.Standard.Behaviours", "SPMeta2.CSOM.Standard.Behaviours\SPMeta2.CSOM.Standard.Behaviours.csproj", "{EF1B2839-C0C8-40E5-A27A-1B225907E891}"
EndProject
Project("{2150E333-8FDC-42A3-9474-1A3956D46DE8}") = "T4", "T4", "{8AB9E935-5443-4E35-AD51-F03B1024D50A}"
EndProject
Project("{FAE04EC0-301F-11D3-BF4B-00C04F79EFBC}") = "SPMeta2.T4", "SPMeta2.T4\SPMeta2.T4.csproj", "{0F1EC0B3-DFFC-4554-A7B1-BAB7604A48B4}"
EndProject
Project("{2150E333-8FDC-42A3-9474-1A3956D46DE8}") = "Nuget", "Nuget", "{B9900774-C957-4B4B-8E41-84BF72605FF8}"
EndProject
Project("{FAE04EC0-301F-11D3-BF4B-00C04F79EFBC}") = "SPMeta2.Nuget", "SPMeta2.Nuget\SPMeta2.Nuget.csproj", "{C3C444C7-AB2C-4156-9F36-726CEB81F017}"
EndProject
Project("{FAE04EC0-301F-11D3-BF4B-00C04F79EFBC}") = "SPMeta2.Validation", "SPMeta2.Validation\SPMeta2.Validation.csproj", "{114D2FE1-02AB-4B1B-BBB1-E184E731B28F}"
EndProject
Project("{2150E333-8FDC-42A3-9474-1A3956D46DE8}") = "Research", "Research", "{7C7F9A02-802F-4386-AED1-31639984D2B0}"
EndProject
Project("{2150E333-8FDC-42A3-9474-1A3956D46DE8}") = "Validation", "Validation", "{127ED6D0-3675-4E5A-B7B6-64473D50A0BA}"
EndProject
Project("{2150E333-8FDC-42A3-9474-1A3956D46DE8}") = "Docs", "Docs", "{0D9CF547-9D53-4143-9708-2BD959F51974}"
EndProject
Project("{FAE04EC0-301F-11D3-BF4B-00C04F79EFBC}") = "SPMeta2.Docs", "SPMeta2.Docs\SPMeta2.Docs.csproj", "{8D7EF5B4-EABC-4481-B687-56004B4C0964}"
EndProject
Project("{FAE04EC0-301F-11D3-BF4B-00C04F79EFBC}") = "SPMeta2.Dependencies", "SPMeta2.Dependencies\SPMeta2.Dependencies.csproj", "{A3A48F9F-1424-41CD-BF92-49D509C715CE}"
EndProject
Project("{FAE04EC0-301F-11D3-BF4B-00C04F79EFBC}") = "SPMeta2.Validation.Tests", "SPMeta2.Validation.Tests\SPMeta2.Validation.Tests.csproj", "{DC2EB892-E652-4951-B227-5222F1988238}"
EndProject
Project("{FAE04EC0-301F-11D3-BF4B-00C04F79EFBC}") = "SPMeta2.CSOM.Samples.O365Provision", "SPMeta2.CSOM.Samples.O365Provision\SPMeta2.CSOM.Samples.O365Provision.csproj", "{65B25888-10E8-485A-BA63-680EBB235C84}"
EndProject
Project("{2150E333-8FDC-42A3-9474-1A3956D46DE8}") = "_Sign", "_Sign", "{EBA3EB00-1E7F-4561-92BC-709286E9F2A6}"
	ProjectSection(SolutionItems) = preProject
		SPMeta2.snk = SPMeta2.snk
	EndProjectSection
EndProject
Global
	GlobalSection(SolutionConfigurationPlatforms) = preSolution
		Debug|Any CPU = Debug|Any CPU
		Release|Any CPU = Release|Any CPU
	EndGlobalSection
	GlobalSection(ProjectConfigurationPlatforms) = postSolution
		{EE49D3FD-6180-40E6-829F-6831FF89DAC6}.Debug|Any CPU.ActiveCfg = Debug|Any CPU
		{EE49D3FD-6180-40E6-829F-6831FF89DAC6}.Debug|Any CPU.Build.0 = Debug|Any CPU
		{EE49D3FD-6180-40E6-829F-6831FF89DAC6}.Release|Any CPU.ActiveCfg = Release|Any CPU
		{EE49D3FD-6180-40E6-829F-6831FF89DAC6}.Release|Any CPU.Build.0 = Release|Any CPU
		{6F7EBF0C-7124-44D6-B9EC-302A54A19FE4}.Debug|Any CPU.ActiveCfg = Debug|Any CPU
		{6F7EBF0C-7124-44D6-B9EC-302A54A19FE4}.Debug|Any CPU.Build.0 = Debug|Any CPU
		{6F7EBF0C-7124-44D6-B9EC-302A54A19FE4}.Release|Any CPU.ActiveCfg = Release|Any CPU
		{6F7EBF0C-7124-44D6-B9EC-302A54A19FE4}.Release|Any CPU.Build.0 = Release|Any CPU
		{FBD78AC1-B766-4332-A9B1-C73EE64FD5C6}.Debug|Any CPU.ActiveCfg = Debug|Any CPU
		{FBD78AC1-B766-4332-A9B1-C73EE64FD5C6}.Debug|Any CPU.Build.0 = Debug|Any CPU
		{FBD78AC1-B766-4332-A9B1-C73EE64FD5C6}.Release|Any CPU.ActiveCfg = Release|Any CPU
		{FBD78AC1-B766-4332-A9B1-C73EE64FD5C6}.Release|Any CPU.Build.0 = Release|Any CPU
		{6F7E5D77-0A17-4409-BE8C-94389D276FA9}.Debug|Any CPU.ActiveCfg = Debug|Any CPU
		{6F7E5D77-0A17-4409-BE8C-94389D276FA9}.Debug|Any CPU.Build.0 = Debug|Any CPU
		{6F7E5D77-0A17-4409-BE8C-94389D276FA9}.Release|Any CPU.ActiveCfg = Release|Any CPU
		{6F7E5D77-0A17-4409-BE8C-94389D276FA9}.Release|Any CPU.Build.0 = Release|Any CPU
		{2C036C91-C740-4FAE-9D0C-92F482A6711F}.Debug|Any CPU.ActiveCfg = Debug|Any CPU
		{2C036C91-C740-4FAE-9D0C-92F482A6711F}.Debug|Any CPU.Build.0 = Debug|Any CPU
		{2C036C91-C740-4FAE-9D0C-92F482A6711F}.Release|Any CPU.ActiveCfg = Release|Any CPU
		{2C036C91-C740-4FAE-9D0C-92F482A6711F}.Release|Any CPU.Build.0 = Release|Any CPU
		{2B5CA105-8D61-4704-B9CE-C1CBA53AAAB0}.Debug|Any CPU.ActiveCfg = Debug|Any CPU
		{2B5CA105-8D61-4704-B9CE-C1CBA53AAAB0}.Debug|Any CPU.Build.0 = Debug|Any CPU
		{2B5CA105-8D61-4704-B9CE-C1CBA53AAAB0}.Release|Any CPU.ActiveCfg = Release|Any CPU
		{2B5CA105-8D61-4704-B9CE-C1CBA53AAAB0}.Release|Any CPU.Build.0 = Release|Any CPU
		{5A1B98BF-4EA4-4DEE-988F-FA62EEFC9EB0}.Debug|Any CPU.ActiveCfg = Debug|Any CPU
		{5A1B98BF-4EA4-4DEE-988F-FA62EEFC9EB0}.Debug|Any CPU.Build.0 = Debug|Any CPU
		{5A1B98BF-4EA4-4DEE-988F-FA62EEFC9EB0}.Release|Any CPU.ActiveCfg = Release|Any CPU
		{5A1B98BF-4EA4-4DEE-988F-FA62EEFC9EB0}.Release|Any CPU.Build.0 = Release|Any CPU
		{00E1581F-31D9-493E-AD16-C188AE966458}.Debug|Any CPU.ActiveCfg = Debug|Any CPU
		{00E1581F-31D9-493E-AD16-C188AE966458}.Debug|Any CPU.Build.0 = Debug|Any CPU
		{00E1581F-31D9-493E-AD16-C188AE966458}.Release|Any CPU.ActiveCfg = Release|Any CPU
		{00E1581F-31D9-493E-AD16-C188AE966458}.Release|Any CPU.Build.0 = Release|Any CPU
		{E9D05AE0-6466-45CD-B28D-63F87097D721}.Debug|Any CPU.ActiveCfg = Debug|Any CPU
		{E9D05AE0-6466-45CD-B28D-63F87097D721}.Debug|Any CPU.Build.0 = Debug|Any CPU
		{E9D05AE0-6466-45CD-B28D-63F87097D721}.Release|Any CPU.ActiveCfg = Release|Any CPU
		{E9D05AE0-6466-45CD-B28D-63F87097D721}.Release|Any CPU.Build.0 = Release|Any CPU
		{30713329-8770-4D27-9C4A-8ACA36A6EF2A}.Debug|Any CPU.ActiveCfg = Debug|Any CPU
		{30713329-8770-4D27-9C4A-8ACA36A6EF2A}.Debug|Any CPU.Build.0 = Debug|Any CPU
		{30713329-8770-4D27-9C4A-8ACA36A6EF2A}.Release|Any CPU.ActiveCfg = Release|Any CPU
		{30713329-8770-4D27-9C4A-8ACA36A6EF2A}.Release|Any CPU.Build.0 = Release|Any CPU
		{5D604B9F-4A28-424D-AB1D-D5F4B7CBE848}.Debug|Any CPU.ActiveCfg = Debug|Any CPU
		{5D604B9F-4A28-424D-AB1D-D5F4B7CBE848}.Debug|Any CPU.Build.0 = Debug|Any CPU
		{5D604B9F-4A28-424D-AB1D-D5F4B7CBE848}.Release|Any CPU.ActiveCfg = Release|Any CPU
		{5D604B9F-4A28-424D-AB1D-D5F4B7CBE848}.Release|Any CPU.Build.0 = Release|Any CPU
		{E1F11214-95FA-4F87-A480-83CAC1D88AAF}.Debug|Any CPU.ActiveCfg = Debug|Any CPU
		{E1F11214-95FA-4F87-A480-83CAC1D88AAF}.Debug|Any CPU.Build.0 = Debug|Any CPU
		{E1F11214-95FA-4F87-A480-83CAC1D88AAF}.Release|Any CPU.ActiveCfg = Release|Any CPU
		{E1F11214-95FA-4F87-A480-83CAC1D88AAF}.Release|Any CPU.Build.0 = Release|Any CPU
		{6140491C-9E6F-474C-9035-50B87B76C703}.Debug|Any CPU.ActiveCfg = Debug|Any CPU
		{6140491C-9E6F-474C-9035-50B87B76C703}.Debug|Any CPU.Build.0 = Debug|Any CPU
		{6140491C-9E6F-474C-9035-50B87B76C703}.Release|Any CPU.ActiveCfg = Release|Any CPU
		{6140491C-9E6F-474C-9035-50B87B76C703}.Release|Any CPU.Build.0 = Release|Any CPU
		{3C2DCEEB-8C4E-4663-BAD9-41F536371A85}.Debug|Any CPU.ActiveCfg = Debug|Any CPU
		{3C2DCEEB-8C4E-4663-BAD9-41F536371A85}.Debug|Any CPU.Build.0 = Debug|Any CPU
		{3C2DCEEB-8C4E-4663-BAD9-41F536371A85}.Release|Any CPU.ActiveCfg = Release|Any CPU
		{3C2DCEEB-8C4E-4663-BAD9-41F536371A85}.Release|Any CPU.Build.0 = Release|Any CPU
		{6F14ABCF-7D33-46A9-85B4-548F46A5D28E}.Debug|Any CPU.ActiveCfg = Debug|Any CPU
		{6F14ABCF-7D33-46A9-85B4-548F46A5D28E}.Debug|Any CPU.Build.0 = Debug|Any CPU
		{6F14ABCF-7D33-46A9-85B4-548F46A5D28E}.Release|Any CPU.ActiveCfg = Release|Any CPU
		{6F14ABCF-7D33-46A9-85B4-548F46A5D28E}.Release|Any CPU.Build.0 = Release|Any CPU
		{5E592EAA-E21F-4BF4-8EDF-6F6452DC916A}.Debug|Any CPU.ActiveCfg = Debug|Any CPU
		{5E592EAA-E21F-4BF4-8EDF-6F6452DC916A}.Debug|Any CPU.Build.0 = Debug|Any CPU
		{5E592EAA-E21F-4BF4-8EDF-6F6452DC916A}.Release|Any CPU.ActiveCfg = Release|Any CPU
		{5E592EAA-E21F-4BF4-8EDF-6F6452DC916A}.Release|Any CPU.Build.0 = Release|Any CPU
		{EF1B2839-C0C8-40E5-A27A-1B225907E891}.Debug|Any CPU.ActiveCfg = Debug|Any CPU
		{EF1B2839-C0C8-40E5-A27A-1B225907E891}.Debug|Any CPU.Build.0 = Debug|Any CPU
		{EF1B2839-C0C8-40E5-A27A-1B225907E891}.Release|Any CPU.ActiveCfg = Release|Any CPU
		{EF1B2839-C0C8-40E5-A27A-1B225907E891}.Release|Any CPU.Build.0 = Release|Any CPU
		{0F1EC0B3-DFFC-4554-A7B1-BAB7604A48B4}.Debug|Any CPU.ActiveCfg = Debug|Any CPU
		{0F1EC0B3-DFFC-4554-A7B1-BAB7604A48B4}.Release|Any CPU.ActiveCfg = Release|Any CPU
		{0F1EC0B3-DFFC-4554-A7B1-BAB7604A48B4}.Release|Any CPU.Build.0 = Release|Any CPU
		{C3C444C7-AB2C-4156-9F36-726CEB81F017}.Debug|Any CPU.ActiveCfg = Debug|Any CPU
		{C3C444C7-AB2C-4156-9F36-726CEB81F017}.Release|Any CPU.ActiveCfg = Release|Any CPU
		{C3C444C7-AB2C-4156-9F36-726CEB81F017}.Release|Any CPU.Build.0 = Release|Any CPU
		{114D2FE1-02AB-4B1B-BBB1-E184E731B28F}.Debug|Any CPU.ActiveCfg = Debug|Any CPU
		{114D2FE1-02AB-4B1B-BBB1-E184E731B28F}.Debug|Any CPU.Build.0 = Debug|Any CPU
		{114D2FE1-02AB-4B1B-BBB1-E184E731B28F}.Release|Any CPU.ActiveCfg = Release|Any CPU
		{114D2FE1-02AB-4B1B-BBB1-E184E731B28F}.Release|Any CPU.Build.0 = Release|Any CPU
		{8D7EF5B4-EABC-4481-B687-56004B4C0964}.Debug|Any CPU.ActiveCfg = Debug|Any CPU
		{8D7EF5B4-EABC-4481-B687-56004B4C0964}.Release|Any CPU.ActiveCfg = Release|Any CPU
		{8D7EF5B4-EABC-4481-B687-56004B4C0964}.Release|Any CPU.Build.0 = Release|Any CPU
		{A3A48F9F-1424-41CD-BF92-49D509C715CE}.Debug|Any CPU.ActiveCfg = Debug|Any CPU
		{A3A48F9F-1424-41CD-BF92-49D509C715CE}.Release|Any CPU.ActiveCfg = Release|Any CPU
		{A3A48F9F-1424-41CD-BF92-49D509C715CE}.Release|Any CPU.Build.0 = Release|Any CPU
		{DC2EB892-E652-4951-B227-5222F1988238}.Debug|Any CPU.ActiveCfg = Debug|Any CPU
		{DC2EB892-E652-4951-B227-5222F1988238}.Debug|Any CPU.Build.0 = Debug|Any CPU
		{DC2EB892-E652-4951-B227-5222F1988238}.Release|Any CPU.ActiveCfg = Release|Any CPU
		{DC2EB892-E652-4951-B227-5222F1988238}.Release|Any CPU.Build.0 = Release|Any CPU
		{65B25888-10E8-485A-BA63-680EBB235C84}.Debug|Any CPU.ActiveCfg = Debug|Any CPU
		{65B25888-10E8-485A-BA63-680EBB235C84}.Debug|Any CPU.Build.0 = Debug|Any CPU
		{65B25888-10E8-485A-BA63-680EBB235C84}.Release|Any CPU.ActiveCfg = Release|Any CPU
		{65B25888-10E8-485A-BA63-680EBB235C84}.Release|Any CPU.Build.0 = Release|Any CPU
	EndGlobalSection
	GlobalSection(SolutionProperties) = preSolution
		HideSolutionNode = FALSE
	EndGlobalSection
	GlobalSection(NestedProjects) = preSolution
		{EE49D3FD-6180-40E6-829F-6831FF89DAC6} = {E82F6DFA-D355-449F-A964-B30529CC9D50}
		{F033F269-10B2-426D-9D8D-FCC9383498DF} = {8A0307D3-5564-4034-9DB1-D13FEE1DADD9}
		{4145FC34-6ED3-4C44-B700-C7F350E6FE7F} = {8A0307D3-5564-4034-9DB1-D13FEE1DADD9}
		{6F7EBF0C-7124-44D6-B9EC-302A54A19FE4} = {F033F269-10B2-426D-9D8D-FCC9383498DF}
		{FBD78AC1-B766-4332-A9B1-C73EE64FD5C6} = {94191759-5F75-41E2-AA43-E1BF6B151C96}
		{6F7E5D77-0A17-4409-BE8C-94389D276FA9} = {DA317935-27C9-4ACD-88B3-B687FE4A9B7E}
		{94191759-5F75-41E2-AA43-E1BF6B151C96} = {8A0307D3-5564-4034-9DB1-D13FEE1DADD9}
		{21E1DC08-9E12-40BE-BFAE-34752EAC80A1} = {94191759-5F75-41E2-AA43-E1BF6B151C96}
		{2C036C91-C740-4FAE-9D0C-92F482A6711F} = {21E1DC08-9E12-40BE-BFAE-34752EAC80A1}
		{2B5CA105-8D61-4704-B9CE-C1CBA53AAAB0} = {79E8096D-13C1-422C-A39C-68DD5C76DAC2}
		{5A1B98BF-4EA4-4DEE-988F-FA62EEFC9EB0} = {79E8096D-13C1-422C-A39C-68DD5C76DAC2}
		{00E1581F-31D9-493E-AD16-C188AE966458} = {79E8096D-13C1-422C-A39C-68DD5C76DAC2}
		{E9D05AE0-6466-45CD-B28D-63F87097D721} = {79E8096D-13C1-422C-A39C-68DD5C76DAC2}
		{30713329-8770-4D27-9C4A-8ACA36A6EF2A} = {94191759-5F75-41E2-AA43-E1BF6B151C96}
		{D251BC1A-BCD5-4019-ABA7-14685D34B9F4} = {F033F269-10B2-426D-9D8D-FCC9383498DF}
		{5D604B9F-4A28-424D-AB1D-D5F4B7CBE848} = {F033F269-10B2-426D-9D8D-FCC9383498DF}
		{E1F11214-95FA-4F87-A480-83CAC1D88AAF} = {D251BC1A-BCD5-4019-ABA7-14685D34B9F4}
		{EEDD55F8-EF18-419B-80B7-26BC273726A2} = {79E8096D-13C1-422C-A39C-68DD5C76DAC2}
		{6140491C-9E6F-474C-9035-50B87B76C703} = {EEDD55F8-EF18-419B-80B7-26BC273726A2}
		{F2EB02F9-CD2E-4C76-A00F-27CEEA0F2310} = {7C7F9A02-802F-4386-AED1-31639984D2B0}
		{06C881CA-5FC3-4E0E-9F98-F564B95E607D} = {F2EB02F9-CD2E-4C76-A00F-27CEEA0F2310}
		{3C2DCEEB-8C4E-4663-BAD9-41F536371A85} = {E82F6DFA-D355-449F-A964-B30529CC9D50}
		{6F14ABCF-7D33-46A9-85B4-548F46A5D28E} = {E82F6DFA-D355-449F-A964-B30529CC9D50}
		{5E592EAA-E21F-4BF4-8EDF-6F6452DC916A} = {F033F269-10B2-426D-9D8D-FCC9383498DF}
		{EF1B2839-C0C8-40E5-A27A-1B225907E891} = {F033F269-10B2-426D-9D8D-FCC9383498DF}
		{8AB9E935-5443-4E35-AD51-F03B1024D50A} = {7C7F9A02-802F-4386-AED1-31639984D2B0}
		{0F1EC0B3-DFFC-4554-A7B1-BAB7604A48B4} = {8AB9E935-5443-4E35-AD51-F03B1024D50A}
		{B9900774-C957-4B4B-8E41-84BF72605FF8} = {F2EB02F9-CD2E-4C76-A00F-27CEEA0F2310}
		{C3C444C7-AB2C-4156-9F36-726CEB81F017} = {B9900774-C957-4B4B-8E41-84BF72605FF8}
		{114D2FE1-02AB-4B1B-BBB1-E184E731B28F} = {127ED6D0-3675-4E5A-B7B6-64473D50A0BA}
		{127ED6D0-3675-4E5A-B7B6-64473D50A0BA} = {7C7F9A02-802F-4386-AED1-31639984D2B0}
		{0D9CF547-9D53-4143-9708-2BD959F51974} = {7C7F9A02-802F-4386-AED1-31639984D2B0}
		{8D7EF5B4-EABC-4481-B687-56004B4C0964} = {0D9CF547-9D53-4143-9708-2BD959F51974}
		{A3A48F9F-1424-41CD-BF92-49D509C715CE} = {EE9BD842-2CA9-45B2-AB7C-A8EB0353AAB7}
		{DC2EB892-E652-4951-B227-5222F1988238} = {127ED6D0-3675-4E5A-B7B6-64473D50A0BA}
		{65B25888-10E8-485A-BA63-680EBB235C84} = {D251BC1A-BCD5-4019-ABA7-14685D34B9F4}
	EndGlobalSection
EndGlobal
