
Microsoft Visual Studio Solution File, Format Version 12.00
# Visual Studio 2013
VisualStudioVersion = 12.0.30110.0
MinimumVisualStudioVersion = 10.0.40219.1
Project("{FAE04EC0-301F-11D3-BF4B-00C04F79EFBC}") = "SPMeta2", "SPMeta2\SPMeta2.csproj", "{EE49D3FD-6180-40E6-829F-6831FF89DAC6}"
EndProject
Project("{2150E333-8FDC-42A3-9474-1A3956D46DE8}") = "Impl", "Impl", "{8A0307D3-5564-4034-9DB1-D13FEE1DADD9}"
EndProject
Project("{2150E333-8FDC-42A3-9474-1A3956D46DE8}") = "CSOM", "CSOM", "{F033F269-10B2-426D-9D8D-FCC9383498DF}"
EndProject
Project("{2150E333-8FDC-42A3-9474-1A3956D46DE8}") = "JSOM", "JSOM", "{4145FC34-6ED3-4C44-B700-C7F350E6FE7F}"
EndProject
Project("{FAE04EC0-301F-11D3-BF4B-00C04F79EFBC}") = "SPMeta2.CSOM", "SPMeta2.CSOM\SPMeta2.CSOM.csproj", "{6F7EBF0C-7124-44D6-B9EC-302A54A19FE4}"
EndProject
Project("{FAE04EC0-301F-11D3-BF4B-00C04F79EFBC}") = "SPMeta2.SSOM", "SPMeta2.SSOM\SPMeta2.SSOM.csproj", "{FBD78AC1-B766-4332-A9B1-C73EE64FD5C6}"
EndProject
Project("{FAE04EC0-301F-11D3-BF4B-00C04F79EFBC}") = "SPMeta2.Syntax.Default", "SPMeta2.Syntax.Default\SPMeta2.Syntax.Default.csproj", "{6F7E5D77-0A17-4409-BE8C-94389D276FA9}"
EndProject
Project("{2150E333-8FDC-42A3-9474-1A3956D46DE8}") = "Core", "Core", "{E82F6DFA-D355-449F-A964-B30529CC9D50}"
EndProject
Project("{2150E333-8FDC-42A3-9474-1A3956D46DE8}") = "SSOM", "SSOM", "{94191759-5F75-41E2-AA43-E1BF6B151C96}"
EndProject
Project("{2150E333-8FDC-42A3-9474-1A3956D46DE8}") = "Regression", "Regression", "{79E8096D-13C1-422C-A39C-68DD5C76DAC2}"
EndProject
Project("{FAE04EC0-301F-11D3-BF4B-00C04F79EFBC}") = "SPMeta2.Regression", "SPMeta2.Regression\SPMeta2.Regression.csproj", "{2B5CA105-8D61-4704-B9CE-C1CBA53AAAB0}"
EndProject
Project("{FAE04EC0-301F-11D3-BF4B-00C04F79EFBC}") = "SPMeta2.Regression.CSOM", "SPMeta2.Regression.CSOM\SPMeta2.Regression.CSOM.csproj", "{5A1B98BF-4EA4-4DEE-988F-FA62EEFC9EB0}"
EndProject
Project("{FAE04EC0-301F-11D3-BF4B-00C04F79EFBC}") = "SPMeta2.Regression.SSOM", "SPMeta2.Regression.SSOM\SPMeta2.Regression.SSOM.csproj", "{00E1581F-31D9-493E-AD16-C188AE966458}"
EndProject
Project("{FAE04EC0-301F-11D3-BF4B-00C04F79EFBC}") = "SPMeta2.Regression.Common", "SPMeta2.Regression.Common\SPMeta2.Regression.Common.csproj", "{E9D05AE0-6466-45CD-B28D-63F87097D721}"
EndProject
Project("{FAE04EC0-301F-11D3-BF4B-00C04F79EFBC}") = "SPMeta2.SSOM.Behaviours", "SPMeta2.SSOM.Behaviours\SPMeta2.SSOM.Behaviours.csproj", "{30713329-8770-4D27-9C4A-8ACA36A6EF2A}"
EndProject
Project("{2150E333-8FDC-42A3-9474-1A3956D46DE8}") = "_3rd party", "_3rd party", "{EE9BD842-2CA9-45B2-AB7C-A8EB0353AAB7}"
	ProjectSection(SolutionItems) = preProject
		appveyor.yml = appveyor.yml
		SPMeta2.snk = SPMeta2.snk
	EndProjectSection
EndProject
Project("{FAE04EC0-301F-11D3-BF4B-00C04F79EFBC}") = "SPMeta2.CSOM.Behaviours", "SPMeta2.CSOM.Behaviours\SPMeta2.CSOM.Behaviours.csproj", "{5D604B9F-4A28-424D-AB1D-D5F4B7CBE848}"
EndProject
Project("{FAE04EC0-301F-11D3-BF4B-00C04F79EFBC}") = "SPMeta2.Common", "SPMeta2.Common\SPMeta2.Common.csproj", "{3C2DCEEB-8C4E-4663-BAD9-41F536371A85}"
EndProject
Project("{FAE04EC0-301F-11D3-BF4B-00C04F79EFBC}") = "SPMeta2.Common.Tests", "SPMeta2.Common.Tests\SPMeta2.Common.Tests.csproj", "{6F14ABCF-7D33-46A9-85B4-548F46A5D28E}"
EndProject
Project("{FAE04EC0-301F-11D3-BF4B-00C04F79EFBC}") = "SPMeta2.CSOM.Standard", "SPMeta2.CSOM.Standard\SPMeta2.CSOM.Standard.csproj", "{5E592EAA-E21F-4BF4-8EDF-6F6452DC916A}"
EndProject
Project("{FAE04EC0-301F-11D3-BF4B-00C04F79EFBC}") = "SPMeta2.CSOM.Standard.Behaviours", "SPMeta2.CSOM.Standard.Behaviours\SPMeta2.CSOM.Standard.Behaviours.csproj", "{EF1B2839-C0C8-40E5-A27A-1B225907E891}"
EndProject
Project("{FAE04EC0-301F-11D3-BF4B-00C04F79EFBC}") = "SPMeta2.T4", "SPMeta2.T4\SPMeta2.T4.csproj", "{0F1EC0B3-DFFC-4554-A7B1-BAB7604A48B4}"
EndProject
Project("{2150E333-8FDC-42A3-9474-1A3956D46DE8}") = "Nuget", "Nuget", "{B9900774-C957-4B4B-8E41-84BF72605FF8}"
EndProject
Project("{FAE04EC0-301F-11D3-BF4B-00C04F79EFBC}") = "SPMeta2.Nuget", "SPMeta2.Nuget\SPMeta2.Nuget.csproj", "{C3C444C7-AB2C-4156-9F36-726CEB81F017}"
EndProject
Project("{FAE04EC0-301F-11D3-BF4B-00C04F79EFBC}") = "SPMeta2.Validation", "SPMeta2.Validation\SPMeta2.Validation.csproj", "{114D2FE1-02AB-4B1B-BBB1-E184E731B28F}"
EndProject
Project("{2150E333-8FDC-42A3-9474-1A3956D46DE8}") = "Research", "Research", "{7C7F9A02-802F-4386-AED1-31639984D2B0}"
EndProject
Project("{FAE04EC0-301F-11D3-BF4B-00C04F79EFBC}") = "SPMeta2.Docs", "SPMeta2.Docs\SPMeta2.Docs.csproj", "{8D7EF5B4-EABC-4481-B687-56004B4C0964}"
EndProject
Project("{FAE04EC0-301F-11D3-BF4B-00C04F79EFBC}") = "SPMeta2.Dependencies", "SPMeta2.Dependencies\SPMeta2.Dependencies.csproj", "{A3A48F9F-1424-41CD-BF92-49D509C715CE}"
EndProject
Project("{FAE04EC0-301F-11D3-BF4B-00C04F79EFBC}") = "SPMeta2.Validation.Tests", "SPMeta2.Validation.Tests\SPMeta2.Validation.Tests.csproj", "{DC2EB892-E652-4951-B227-5222F1988238}"
EndProject
Project("{2150E333-8FDC-42A3-9474-1A3956D46DE8}") = "Tests", "Tests", "{E79C8EBA-BB08-4D47-882E-2E9D5E04F4B5}"
EndProject
Project("{2150E333-8FDC-42A3-9474-1A3956D46DE8}") = "_old", "_old", "{3FA7A992-BE52-4507-87D7-13F8373966DA}"
EndProject
Project("{2150E333-8FDC-42A3-9474-1A3956D46DE8}") = "_3rd party", "_3rd party", "{83F0236B-35C6-4877-9C58-AA1F7C68463B}"
EndProject
Project("{FAE04EC0-301F-11D3-BF4B-00C04F79EFBC}") = "SPMeta2.Syntax.Extended", "SPMeta2.Syntax.Extended\SPMeta2.Syntax.Extended.csproj", "{EA80A775-68F5-4702-ABC8-4B30FBDDAEC4}"
EndProject
Project("{FAE04EC0-301F-11D3-BF4B-00C04F79EFBC}") = "SPMeta2.Regression.Model", "SPMeta2.Regression.Model\SPMeta2.Regression.Model.csproj", "{0985687D-426F-4ACF-A85F-EE79FA4FF752}"
EndProject
Project("{2150E333-8FDC-42A3-9474-1A3956D46DE8}") = "Validators", "Validators", "{AA39B47D-287D-4DAC-A1B6-CBEE826B0D83}"
EndProject
Project("{2150E333-8FDC-42A3-9474-1A3956D46DE8}") = "Tests", "Tests", "{2C679AA5-03E8-4B43-AFF4-CE9462DCC115}"
EndProject
Project("{FAE04EC0-301F-11D3-BF4B-00C04F79EFBC}") = "SPMeta2.Regression.Tests", "SPMeta2.Regression.Tests\SPMeta2.Regression.Tests.csproj", "{2DA71A5B-C039-4A2E-9985-91D6501F293C}"
	ProjectSection(ProjectDependencies) = postProject
		{C69C8205-B0C7-4FDB-B1F6-F4FA77FF95AB} = {C69C8205-B0C7-4FDB-B1F6-F4FA77FF95AB}
		{2B5CA105-8D61-4704-B9CE-C1CBA53AAAB0} = {2B5CA105-8D61-4704-B9CE-C1CBA53AAAB0}
		{6F7EBF0C-7124-44D6-B9EC-302A54A19FE4} = {6F7EBF0C-7124-44D6-B9EC-302A54A19FE4}
		{00E1581F-31D9-493E-AD16-C188AE966458} = {00E1581F-31D9-493E-AD16-C188AE966458}
		{1A91C927-1548-41F1-A5DE-4D765A67DD27} = {1A91C927-1548-41F1-A5DE-4D765A67DD27}
		{30713329-8770-4D27-9C4A-8ACA36A6EF2A} = {30713329-8770-4D27-9C4A-8ACA36A6EF2A}
		{FCF77A29-6871-43E2-A524-B5085FD13EB7} = {FCF77A29-6871-43E2-A524-B5085FD13EB7}
		{0165FA2B-A18A-456D-8550-065B9721CAFD} = {0165FA2B-A18A-456D-8550-065B9721CAFD}
		{EF1B2839-C0C8-40E5-A27A-1B225907E891} = {EF1B2839-C0C8-40E5-A27A-1B225907E891}
		{EA80A775-68F5-4702-ABC8-4B30FBDDAEC4} = {EA80A775-68F5-4702-ABC8-4B30FBDDAEC4}
		{5D604B9F-4A28-424D-AB1D-D5F4B7CBE848} = {5D604B9F-4A28-424D-AB1D-D5F4B7CBE848}
		{5E592EAA-E21F-4BF4-8EDF-6F6452DC916A} = {5E592EAA-E21F-4BF4-8EDF-6F6452DC916A}
		{5A1B98BF-4EA4-4DEE-988F-FA62EEFC9EB0} = {5A1B98BF-4EA4-4DEE-988F-FA62EEFC9EB0}
		{FBD78AC1-B766-4332-A9B1-C73EE64FD5C6} = {FBD78AC1-B766-4332-A9B1-C73EE64FD5C6}
		{E9D05AE0-6466-45CD-B28D-63F87097D721} = {E9D05AE0-6466-45CD-B28D-63F87097D721}
	EndProjectSection
EndProject
Project("{FAE04EC0-301F-11D3-BF4B-00C04F79EFBC}") = "SPMeta2.Regression.Runners", "SPMeta2.Regression.Runners\SPMeta2.Regression.Runners.csproj", "{C69C8205-B0C7-4FDB-B1F6-F4FA77FF95AB}"
EndProject
Project("{FAE04EC0-301F-11D3-BF4B-00C04F79EFBC}") = "SPMeta2.Regression.Runners.O365", "SPMeta2.Regression.Runners.O365\SPMeta2.Regression.Runners.O365.csproj", "{1A91C927-1548-41F1-A5DE-4D765A67DD27}"
EndProject
Project("{2150E333-8FDC-42A3-9474-1A3956D46DE8}") = "Runners", "Runners", "{B507B8E1-C190-425D-9922-A73304E81304}"
EndProject
Project("{FAE04EC0-301F-11D3-BF4B-00C04F79EFBC}") = "SPMeta2.Regression.Runners.CSOM", "SPMeta2.Regression.Runners.CSOM\SPMeta2.Regression.Runners.CSOM.csproj", "{FCF77A29-6871-43E2-A524-B5085FD13EB7}"
EndProject
Project("{FAE04EC0-301F-11D3-BF4B-00C04F79EFBC}") = "SPMeta2.Regression.Runners.SSOM", "SPMeta2.Regression.Runners.SSOM\SPMeta2.Regression.Runners.SSOM.csproj", "{0165FA2B-A18A-456D-8550-065B9721CAFD}"
EndProject
Global
	GlobalSection(SolutionConfigurationPlatforms) = preSolution
		Debug|Any CPU = Debug|Any CPU
		Release|Any CPU = Release|Any CPU
	EndGlobalSection
	GlobalSection(ProjectConfigurationPlatforms) = postSolution
		{EE49D3FD-6180-40E6-829F-6831FF89DAC6}.Debug|Any CPU.ActiveCfg = Debug|Any CPU
		{EE49D3FD-6180-40E6-829F-6831FF89DAC6}.Debug|Any CPU.Build.0 = Debug|Any CPU
		{EE49D3FD-6180-40E6-829F-6831FF89DAC6}.Release|Any CPU.ActiveCfg = Release|Any CPU
		{EE49D3FD-6180-40E6-829F-6831FF89DAC6}.Release|Any CPU.Build.0 = Release|Any CPU
		{6F7EBF0C-7124-44D6-B9EC-302A54A19FE4}.Debug|Any CPU.ActiveCfg = Debug|Any CPU
		{6F7EBF0C-7124-44D6-B9EC-302A54A19FE4}.Debug|Any CPU.Build.0 = Debug|Any CPU
		{6F7EBF0C-7124-44D6-B9EC-302A54A19FE4}.Release|Any CPU.ActiveCfg = Release|Any CPU
		{6F7EBF0C-7124-44D6-B9EC-302A54A19FE4}.Release|Any CPU.Build.0 = Release|Any CPU
		{FBD78AC1-B766-4332-A9B1-C73EE64FD5C6}.Debug|Any CPU.ActiveCfg = Debug|Any CPU
		{FBD78AC1-B766-4332-A9B1-C73EE64FD5C6}.Debug|Any CPU.Build.0 = Debug|Any CPU
		{FBD78AC1-B766-4332-A9B1-C73EE64FD5C6}.Release|Any CPU.ActiveCfg = Release|Any CPU
		{FBD78AC1-B766-4332-A9B1-C73EE64FD5C6}.Release|Any CPU.Build.0 = Release|Any CPU
		{6F7E5D77-0A17-4409-BE8C-94389D276FA9}.Debug|Any CPU.ActiveCfg = Debug|Any CPU
		{6F7E5D77-0A17-4409-BE8C-94389D276FA9}.Debug|Any CPU.Build.0 = Debug|Any CPU
		{6F7E5D77-0A17-4409-BE8C-94389D276FA9}.Release|Any CPU.ActiveCfg = Release|Any CPU
		{6F7E5D77-0A17-4409-BE8C-94389D276FA9}.Release|Any CPU.Build.0 = Release|Any CPU
		{2B5CA105-8D61-4704-B9CE-C1CBA53AAAB0}.Debug|Any CPU.ActiveCfg = Debug|Any CPU
		{2B5CA105-8D61-4704-B9CE-C1CBA53AAAB0}.Debug|Any CPU.Build.0 = Debug|Any CPU
		{2B5CA105-8D61-4704-B9CE-C1CBA53AAAB0}.Release|Any CPU.ActiveCfg = Release|Any CPU
		{2B5CA105-8D61-4704-B9CE-C1CBA53AAAB0}.Release|Any CPU.Build.0 = Release|Any CPU
		{5A1B98BF-4EA4-4DEE-988F-FA62EEFC9EB0}.Debug|Any CPU.ActiveCfg = Debug|Any CPU
		{5A1B98BF-4EA4-4DEE-988F-FA62EEFC9EB0}.Debug|Any CPU.Build.0 = Debug|Any CPU
		{5A1B98BF-4EA4-4DEE-988F-FA62EEFC9EB0}.Release|Any CPU.ActiveCfg = Release|Any CPU
		{5A1B98BF-4EA4-4DEE-988F-FA62EEFC9EB0}.Release|Any CPU.Build.0 = Release|Any CPU
		{00E1581F-31D9-493E-AD16-C188AE966458}.Debug|Any CPU.ActiveCfg = Debug|Any CPU
		{00E1581F-31D9-493E-AD16-C188AE966458}.Debug|Any CPU.Build.0 = Debug|Any CPU
		{00E1581F-31D9-493E-AD16-C188AE966458}.Release|Any CPU.ActiveCfg = Release|Any CPU
		{00E1581F-31D9-493E-AD16-C188AE966458}.Release|Any CPU.Build.0 = Release|Any CPU
		{E9D05AE0-6466-45CD-B28D-63F87097D721}.Debug|Any CPU.ActiveCfg = Debug|Any CPU
		{E9D05AE0-6466-45CD-B28D-63F87097D721}.Debug|Any CPU.Build.0 = Debug|Any CPU
		{E9D05AE0-6466-45CD-B28D-63F87097D721}.Release|Any CPU.ActiveCfg = Release|Any CPU
		{E9D05AE0-6466-45CD-B28D-63F87097D721}.Release|Any CPU.Build.0 = Release|Any CPU
		{30713329-8770-4D27-9C4A-8ACA36A6EF2A}.Debug|Any CPU.ActiveCfg = Debug|Any CPU
		{30713329-8770-4D27-9C4A-8ACA36A6EF2A}.Debug|Any CPU.Build.0 = Debug|Any CPU
		{30713329-8770-4D27-9C4A-8ACA36A6EF2A}.Release|Any CPU.ActiveCfg = Release|Any CPU
		{30713329-8770-4D27-9C4A-8ACA36A6EF2A}.Release|Any CPU.Build.0 = Release|Any CPU
		{5D604B9F-4A28-424D-AB1D-D5F4B7CBE848}.Debug|Any CPU.ActiveCfg = Debug|Any CPU
		{5D604B9F-4A28-424D-AB1D-D5F4B7CBE848}.Debug|Any CPU.Build.0 = Debug|Any CPU
		{5D604B9F-4A28-424D-AB1D-D5F4B7CBE848}.Release|Any CPU.ActiveCfg = Release|Any CPU
		{5D604B9F-4A28-424D-AB1D-D5F4B7CBE848}.Release|Any CPU.Build.0 = Release|Any CPU
		{3C2DCEEB-8C4E-4663-BAD9-41F536371A85}.Debug|Any CPU.ActiveCfg = Debug|Any CPU
		{3C2DCEEB-8C4E-4663-BAD9-41F536371A85}.Debug|Any CPU.Build.0 = Debug|Any CPU
		{3C2DCEEB-8C4E-4663-BAD9-41F536371A85}.Release|Any CPU.ActiveCfg = Release|Any CPU
		{3C2DCEEB-8C4E-4663-BAD9-41F536371A85}.Release|Any CPU.Build.0 = Release|Any CPU
		{6F14ABCF-7D33-46A9-85B4-548F46A5D28E}.Debug|Any CPU.ActiveCfg = Debug|Any CPU
		{6F14ABCF-7D33-46A9-85B4-548F46A5D28E}.Release|Any CPU.ActiveCfg = Release|Any CPU
		{6F14ABCF-7D33-46A9-85B4-548F46A5D28E}.Release|Any CPU.Build.0 = Release|Any CPU
		{5E592EAA-E21F-4BF4-8EDF-6F6452DC916A}.Debug|Any CPU.ActiveCfg = Debug|Any CPU
		{5E592EAA-E21F-4BF4-8EDF-6F6452DC916A}.Debug|Any CPU.Build.0 = Debug|Any CPU
		{5E592EAA-E21F-4BF4-8EDF-6F6452DC916A}.Release|Any CPU.ActiveCfg = Release|Any CPU
		{5E592EAA-E21F-4BF4-8EDF-6F6452DC916A}.Release|Any CPU.Build.0 = Release|Any CPU
		{EF1B2839-C0C8-40E5-A27A-1B225907E891}.Debug|Any CPU.ActiveCfg = Debug|Any CPU
		{EF1B2839-C0C8-40E5-A27A-1B225907E891}.Debug|Any CPU.Build.0 = Debug|Any CPU
		{EF1B2839-C0C8-40E5-A27A-1B225907E891}.Release|Any CPU.ActiveCfg = Release|Any CPU
		{EF1B2839-C0C8-40E5-A27A-1B225907E891}.Release|Any CPU.Build.0 = Release|Any CPU
		{0F1EC0B3-DFFC-4554-A7B1-BAB7604A48B4}.Debug|Any CPU.ActiveCfg = Debug|Any CPU
		{0F1EC0B3-DFFC-4554-A7B1-BAB7604A48B4}.Release|Any CPU.ActiveCfg = Release|Any CPU
		{0F1EC0B3-DFFC-4554-A7B1-BAB7604A48B4}.Release|Any CPU.Build.0 = Release|Any CPU
		{C3C444C7-AB2C-4156-9F36-726CEB81F017}.Debug|Any CPU.ActiveCfg = Debug|Any CPU
		{C3C444C7-AB2C-4156-9F36-726CEB81F017}.Release|Any CPU.ActiveCfg = Release|Any CPU
		{C3C444C7-AB2C-4156-9F36-726CEB81F017}.Release|Any CPU.Build.0 = Release|Any CPU
		{114D2FE1-02AB-4B1B-BBB1-E184E731B28F}.Debug|Any CPU.ActiveCfg = Debug|Any CPU
		{114D2FE1-02AB-4B1B-BBB1-E184E731B28F}.Debug|Any CPU.Build.0 = Debug|Any CPU
		{114D2FE1-02AB-4B1B-BBB1-E184E731B28F}.Release|Any CPU.ActiveCfg = Release|Any CPU
		{114D2FE1-02AB-4B1B-BBB1-E184E731B28F}.Release|Any CPU.Build.0 = Release|Any CPU
		{8D7EF5B4-EABC-4481-B687-56004B4C0964}.Debug|Any CPU.ActiveCfg = Debug|Any CPU
		{8D7EF5B4-EABC-4481-B687-56004B4C0964}.Release|Any CPU.ActiveCfg = Release|Any CPU
		{8D7EF5B4-EABC-4481-B687-56004B4C0964}.Release|Any CPU.Build.0 = Release|Any CPU
		{A3A48F9F-1424-41CD-BF92-49D509C715CE}.Debug|Any CPU.ActiveCfg = Debug|Any CPU
		{A3A48F9F-1424-41CD-BF92-49D509C715CE}.Release|Any CPU.ActiveCfg = Release|Any CPU
		{A3A48F9F-1424-41CD-BF92-49D509C715CE}.Release|Any CPU.Build.0 = Release|Any CPU
		{DC2EB892-E652-4951-B227-5222F1988238}.Debug|Any CPU.ActiveCfg = Debug|Any CPU
		{DC2EB892-E652-4951-B227-5222F1988238}.Release|Any CPU.ActiveCfg = Release|Any CPU
		{DC2EB892-E652-4951-B227-5222F1988238}.Release|Any CPU.Build.0 = Release|Any CPU
		{EA80A775-68F5-4702-ABC8-4B30FBDDAEC4}.Debug|Any CPU.ActiveCfg = Debug|Any CPU
		{EA80A775-68F5-4702-ABC8-4B30FBDDAEC4}.Debug|Any CPU.Build.0 = Debug|Any CPU
		{EA80A775-68F5-4702-ABC8-4B30FBDDAEC4}.Release|Any CPU.ActiveCfg = Release|Any CPU
		{EA80A775-68F5-4702-ABC8-4B30FBDDAEC4}.Release|Any CPU.Build.0 = Release|Any CPU
		{0985687D-426F-4ACF-A85F-EE79FA4FF752}.Debug|Any CPU.ActiveCfg = Debug|Any CPU
		{0985687D-426F-4ACF-A85F-EE79FA4FF752}.Debug|Any CPU.Build.0 = Debug|Any CPU
		{0985687D-426F-4ACF-A85F-EE79FA4FF752}.Release|Any CPU.ActiveCfg = Release|Any CPU
		{0985687D-426F-4ACF-A85F-EE79FA4FF752}.Release|Any CPU.Build.0 = Release|Any CPU
		{2DA71A5B-C039-4A2E-9985-91D6501F293C}.Debug|Any CPU.ActiveCfg = Debug|Any CPU
		{2DA71A5B-C039-4A2E-9985-91D6501F293C}.Debug|Any CPU.Build.0 = Debug|Any CPU
		{2DA71A5B-C039-4A2E-9985-91D6501F293C}.Release|Any CPU.ActiveCfg = Release|Any CPU
		{2DA71A5B-C039-4A2E-9985-91D6501F293C}.Release|Any CPU.Build.0 = Release|Any CPU
		{C69C8205-B0C7-4FDB-B1F6-F4FA77FF95AB}.Debug|Any CPU.ActiveCfg = Debug|Any CPU
		{C69C8205-B0C7-4FDB-B1F6-F4FA77FF95AB}.Debug|Any CPU.Build.0 = Debug|Any CPU
		{C69C8205-B0C7-4FDB-B1F6-F4FA77FF95AB}.Release|Any CPU.ActiveCfg = Release|Any CPU
		{C69C8205-B0C7-4FDB-B1F6-F4FA77FF95AB}.Release|Any CPU.Build.0 = Release|Any CPU
		{1A91C927-1548-41F1-A5DE-4D765A67DD27}.Debug|Any CPU.ActiveCfg = Debug|Any CPU
		{1A91C927-1548-41F1-A5DE-4D765A67DD27}.Debug|Any CPU.Build.0 = Debug|Any CPU
		{1A91C927-1548-41F1-A5DE-4D765A67DD27}.Release|Any CPU.ActiveCfg = Release|Any CPU
		{1A91C927-1548-41F1-A5DE-4D765A67DD27}.Release|Any CPU.Build.0 = Release|Any CPU
		{FCF77A29-6871-43E2-A524-B5085FD13EB7}.Debug|Any CPU.ActiveCfg = Debug|Any CPU
		{FCF77A29-6871-43E2-A524-B5085FD13EB7}.Debug|Any CPU.Build.0 = Debug|Any CPU
		{FCF77A29-6871-43E2-A524-B5085FD13EB7}.Release|Any CPU.ActiveCfg = Release|Any CPU
		{FCF77A29-6871-43E2-A524-B5085FD13EB7}.Release|Any CPU.Build.0 = Release|Any CPU
		{0165FA2B-A18A-456D-8550-065B9721CAFD}.Debug|Any CPU.ActiveCfg = Debug|Any CPU
		{0165FA2B-A18A-456D-8550-065B9721CAFD}.Debug|Any CPU.Build.0 = Debug|Any CPU
		{0165FA2B-A18A-456D-8550-065B9721CAFD}.Release|Any CPU.ActiveCfg = Release|Any CPU
		{0165FA2B-A18A-456D-8550-065B9721CAFD}.Release|Any CPU.Build.0 = Release|Any CPU
	EndGlobalSection
	GlobalSection(SolutionProperties) = preSolution
		HideSolutionNode = FALSE
	EndGlobalSection
	GlobalSection(NestedProjects) = preSolution
		{6F7E5D77-0A17-4409-BE8C-94389D276FA9} = {E82F6DFA-D355-449F-A964-B30529CC9D50}
		{EE49D3FD-6180-40E6-829F-6831FF89DAC6} = {E82F6DFA-D355-449F-A964-B30529CC9D50}
		{3C2DCEEB-8C4E-4663-BAD9-41F536371A85} = {E82F6DFA-D355-449F-A964-B30529CC9D50}
		{B9900774-C957-4B4B-8E41-84BF72605FF8} = {E82F6DFA-D355-449F-A964-B30529CC9D50}
		{114D2FE1-02AB-4B1B-BBB1-E184E731B28F} = {E82F6DFA-D355-449F-A964-B30529CC9D50}
		{83F0236B-35C6-4877-9C58-AA1F7C68463B} = {E82F6DFA-D355-449F-A964-B30529CC9D50}
		{F033F269-10B2-426D-9D8D-FCC9383498DF} = {8A0307D3-5564-4034-9DB1-D13FEE1DADD9}
		{4145FC34-6ED3-4C44-B700-C7F350E6FE7F} = {8A0307D3-5564-4034-9DB1-D13FEE1DADD9}
		{94191759-5F75-41E2-AA43-E1BF6B151C96} = {8A0307D3-5564-4034-9DB1-D13FEE1DADD9}
		{6F7EBF0C-7124-44D6-B9EC-302A54A19FE4} = {F033F269-10B2-426D-9D8D-FCC9383498DF}
		{5D604B9F-4A28-424D-AB1D-D5F4B7CBE848} = {F033F269-10B2-426D-9D8D-FCC9383498DF}
		{5E592EAA-E21F-4BF4-8EDF-6F6452DC916A} = {F033F269-10B2-426D-9D8D-FCC9383498DF}
		{EF1B2839-C0C8-40E5-A27A-1B225907E891} = {F033F269-10B2-426D-9D8D-FCC9383498DF}
		{FBD78AC1-B766-4332-A9B1-C73EE64FD5C6} = {94191759-5F75-41E2-AA43-E1BF6B151C96}
		{30713329-8770-4D27-9C4A-8ACA36A6EF2A} = {94191759-5F75-41E2-AA43-E1BF6B151C96}
		{79E8096D-13C1-422C-A39C-68DD5C76DAC2} = {E79C8EBA-BB08-4D47-882E-2E9D5E04F4B5}
		{3FA7A992-BE52-4507-87D7-13F8373966DA} = {E79C8EBA-BB08-4D47-882E-2E9D5E04F4B5}
		{AA39B47D-287D-4DAC-A1B6-CBEE826B0D83} = {79E8096D-13C1-422C-A39C-68DD5C76DAC2}
		{E9D05AE0-6466-45CD-B28D-63F87097D721} = {79E8096D-13C1-422C-A39C-68DD5C76DAC2}
		{2B5CA105-8D61-4704-B9CE-C1CBA53AAAB0} = {79E8096D-13C1-422C-A39C-68DD5C76DAC2}
		{0985687D-426F-4ACF-A85F-EE79FA4FF752} = {79E8096D-13C1-422C-A39C-68DD5C76DAC2}
		{2C679AA5-03E8-4B43-AFF4-CE9462DCC115} = {79E8096D-13C1-422C-A39C-68DD5C76DAC2}
		{00E1581F-31D9-493E-AD16-C188AE966458} = {AA39B47D-287D-4DAC-A1B6-CBEE826B0D83}
		{5A1B98BF-4EA4-4DEE-988F-FA62EEFC9EB0} = {AA39B47D-287D-4DAC-A1B6-CBEE826B0D83}
		{A3A48F9F-1424-41CD-BF92-49D509C715CE} = {EE9BD842-2CA9-45B2-AB7C-A8EB0353AAB7}
		{DC2EB892-E652-4951-B227-5222F1988238} = {3FA7A992-BE52-4507-87D7-13F8373966DA}
		{6F14ABCF-7D33-46A9-85B4-548F46A5D28E} = {3FA7A992-BE52-4507-87D7-13F8373966DA}
		{0F1EC0B3-DFFC-4554-A7B1-BAB7604A48B4} = {7C7F9A02-802F-4386-AED1-31639984D2B0}
		{8D7EF5B4-EABC-4481-B687-56004B4C0964} = {7C7F9A02-802F-4386-AED1-31639984D2B0}
		{EA80A775-68F5-4702-ABC8-4B30FBDDAEC4} = {7C7F9A02-802F-4386-AED1-31639984D2B0}
		{C3C444C7-AB2C-4156-9F36-726CEB81F017} = {B9900774-C957-4B4B-8E41-84BF72605FF8}
		{2DA71A5B-C039-4A2E-9985-91D6501F293C} = {2C679AA5-03E8-4B43-AFF4-CE9462DCC115}
		{B507B8E1-C190-425D-9922-A73304E81304} = {2C679AA5-03E8-4B43-AFF4-CE9462DCC115}
		{1A91C927-1548-41F1-A5DE-4D765A67DD27} = {B507B8E1-C190-425D-9922-A73304E81304}
		{C69C8205-B0C7-4FDB-B1F6-F4FA77FF95AB} = {B507B8E1-C190-425D-9922-A73304E81304}
		{FCF77A29-6871-43E2-A524-B5085FD13EB7} = {B507B8E1-C190-425D-9922-A73304E81304}
		{0165FA2B-A18A-456D-8550-065B9721CAFD} = {B507B8E1-C190-425D-9922-A73304E81304}
	EndGlobalSection
EndGlobal
