
Microsoft Visual Studio Solution File, Format Version 12.00
# Visual Studio 14
VisualStudioVersion = 14.0.25420.1
MinimumVisualStudioVersion = 10.0.40219.1
Project("{2150E333-8FDC-42A3-9474-1A3956D46DE8}") = "Provision", "Provision", "{8A0307D3-5564-4034-9DB1-D13FEE1DADD9}"
EndProject
Project("{2150E333-8FDC-42A3-9474-1A3956D46DE8}") = "CSOM", "CSOM", "{F033F269-10B2-426D-9D8D-FCC9383498DF}"
EndProject
Project("{2150E333-8FDC-42A3-9474-1A3956D46DE8}") = "JSOM", "JSOM", "{4145FC34-6ED3-4C44-B700-C7F350E6FE7F}"
EndProject
Project("{2150E333-8FDC-42A3-9474-1A3956D46DE8}") = "Core", "Core", "{E82F6DFA-D355-449F-A964-B30529CC9D50}"
EndProject
Project("{2150E333-8FDC-42A3-9474-1A3956D46DE8}") = "SSOM", "SSOM", "{94191759-5F75-41E2-AA43-E1BF6B151C96}"
EndProject
Project("{2150E333-8FDC-42A3-9474-1A3956D46DE8}") = "_3rd party", "_3rd party", "{EE9BD842-2CA9-45B2-AB7C-A8EB0353AAB7}"
	ProjectSection(SolutionItems) = preProject
		.gitignore = .gitignore
		appveyor-v12.yml = appveyor-v12.yml
		appveyor.yml = appveyor.yml
		README.md = README.md
		SPMeta2.snk = SPMeta2.snk
	EndProjectSection
EndProject
Project("{2150E333-8FDC-42A3-9474-1A3956D46DE8}") = "Tests", "Tests", "{E79C8EBA-BB08-4D47-882E-2E9D5E04F4B5}"
EndProject
Project("{2150E333-8FDC-42A3-9474-1A3956D46DE8}") = "Validators", "Validators", "{AA39B47D-287D-4DAC-A1B6-CBEE826B0D83}"
EndProject
Project("{2150E333-8FDC-42A3-9474-1A3956D46DE8}") = "O365", "O365", "{42ABDD31-F19A-4D2D-995E-5C68197A5AFB}"
EndProject
Project("{2150E333-8FDC-42A3-9474-1A3956D46DE8}") = ".nuget", ".nuget", "{200D7335-DB4A-4BF2-906F-9E17DC82113B}"
	ProjectSection(SolutionItems) = preProject
		.nuget\packages.config = .nuget\packages.config
	EndProjectSection
EndProject
Project("{2150E333-8FDC-42A3-9474-1A3956D46DE8}") = "Containers", "Containers", "{2D69B084-1813-41D6-B995-E0C9200E5264}"
EndProject
Project("{2150E333-8FDC-42A3-9474-1A3956D46DE8}") = "Impl", "Impl", "{AAD233F1-B9CE-4D41-8065-36F21CEE797B}"
EndProject
Project("{2150E333-8FDC-42A3-9474-1A3956D46DE8}") = "Impl", "Impl", "{7142CBDC-7BBA-4C46-9E55-F4B7EEBB0901}"
EndProject
Project("{2150E333-8FDC-42A3-9474-1A3956D46DE8}") = "TestContainers", "TestContainers", "{358E83EE-8ABA-463E-A868-3906865FDA39}"
EndProject
Project("{2150E333-8FDC-42A3-9474-1A3956D46DE8}") = "Docs", "Docs", "{7DCBDB97-13FC-4A07-B49C-2300D2FBCF8D}"
EndProject
Project("{2150E333-8FDC-42A3-9474-1A3956D46DE8}") = "Provision.Nintex", "Provision.Nintex", "{543E02CC-AA4A-4B1F-ABBD-2C88CFAA463C}"
EndProject
Project("{FAE04EC0-301F-11D3-BF4B-00C04F79EFBC}") = "SPMeta2.Dependencies", "SPMeta2\SPMeta2.Dependencies\SPMeta2.Dependencies.csproj", "{A3A48F9F-1424-41CD-BF92-49D509C715CE}"
EndProject
Project("{FAE04EC0-301F-11D3-BF4B-00C04F79EFBC}") = "SPMeta2", "SPMeta2\SPMeta2\SPMeta2.csproj", "{EE49D3FD-6180-40E6-829F-6831FF89DAC6}"
EndProject
Project("{FAE04EC0-301F-11D3-BF4B-00C04F79EFBC}") = "SPMeta2.CSOM", "SPMeta2\SPMeta2.CSOM\SPMeta2.CSOM.csproj", "{6F7EBF0C-7124-44D6-B9EC-302A54A19FE4}"
EndProject
Project("{FAE04EC0-301F-11D3-BF4B-00C04F79EFBC}") = "SPMeta2.CSOM.Standard", "SPMeta2\SPMeta2.CSOM.Standard\SPMeta2.CSOM.Standard.csproj", "{5E592EAA-E21F-4BF4-8EDF-6F6452DC916A}"
EndProject
Project("{FAE04EC0-301F-11D3-BF4B-00C04F79EFBC}") = "SPMeta2.O365", "SPMeta2\SPMeta2.O365\SPMeta2.O365.csproj", "{4C4A0044-FBE1-46D8-B8DB-EB579831CDB6}"
EndProject
Project("{FAE04EC0-301F-11D3-BF4B-00C04F79EFBC}") = "SPMeta2.SSOM", "SPMeta2\SPMeta2.SSOM\SPMeta2.SSOM.csproj", "{FBD78AC1-B766-4332-A9B1-C73EE64FD5C6}"
EndProject
Project("{FAE04EC0-301F-11D3-BF4B-00C04F79EFBC}") = "SPMeta2.Regression.Tests", "SPMeta2\SPMeta2.Regression.Tests\SPMeta2.Regression.Tests.csproj", "{2DA71A5B-C039-4A2E-9985-91D6501F293C}"
	ProjectSection(ProjectDependencies) = postProject
		{04EF5903-B379-4404-8DBC-B21ABE0D1099} = {04EF5903-B379-4404-8DBC-B21ABE0D1099}
		{6F7EBF0C-7124-44D6-B9EC-302A54A19FE4} = {6F7EBF0C-7124-44D6-B9EC-302A54A19FE4}
		{7D095A0D-0BDE-446D-8093-13E5685F1D3C} = {7D095A0D-0BDE-446D-8093-13E5685F1D3C}
		{00E1581F-31D9-493E-AD16-C188AE966458} = {00E1581F-31D9-493E-AD16-C188AE966458}
		{D81AE83A-BEEF-4099-B354-0B88D7396B25} = {D81AE83A-BEEF-4099-B354-0B88D7396B25}
		{4C4A0044-FBE1-46D8-B8DB-EB579831CDB6} = {4C4A0044-FBE1-46D8-B8DB-EB579831CDB6}
		{8B199151-24BC-4C32-B69F-7371B37F33D4} = {8B199151-24BC-4C32-B69F-7371B37F33D4}
		{A3A48F9F-1424-41CD-BF92-49D509C715CE} = {A3A48F9F-1424-41CD-BF92-49D509C715CE}
		{5E592EAA-E21F-4BF4-8EDF-6F6452DC916A} = {5E592EAA-E21F-4BF4-8EDF-6F6452DC916A}
		{5A1B98BF-4EA4-4DEE-988F-FA62EEFC9EB0} = {5A1B98BF-4EA4-4DEE-988F-FA62EEFC9EB0}
		{FBD78AC1-B766-4332-A9B1-C73EE64FD5C6} = {FBD78AC1-B766-4332-A9B1-C73EE64FD5C6}
		{2A8F08ED-E837-4E91-8E49-B5F30CF9EEF3} = {2A8F08ED-E837-4E91-8E49-B5F30CF9EEF3}
	EndProjectSection
EndProject
Project("{FAE04EC0-301F-11D3-BF4B-00C04F79EFBC}") = "SPMeta2.Regression.CSOM", "SPMeta2\SPMeta2.Regression.CSOM\SPMeta2.Regression.CSOM.csproj", "{5A1B98BF-4EA4-4DEE-988F-FA62EEFC9EB0}"
EndProject
Project("{FAE04EC0-301F-11D3-BF4B-00C04F79EFBC}") = "SPMeta2.Regression.SSOM", "SPMeta2\SPMeta2.Regression.SSOM\SPMeta2.Regression.SSOM.csproj", "{00E1581F-31D9-493E-AD16-C188AE966458}"
EndProject
Project("{FAE04EC0-301F-11D3-BF4B-00C04F79EFBC}") = "SPMeta2.SSOM.Standard", "SPMeta2\SPMeta2.SSOM.Standard\SPMeta2.SSOM.Standard.csproj", "{7D095A0D-0BDE-446D-8093-13E5685F1D3C}"
EndProject
Project("{FAE04EC0-301F-11D3-BF4B-00C04F79EFBC}") = "SPMeta2.Regression.SSOM.Standard", "SPMeta2\SPMeta2.Regression.SSOM.Standard\SPMeta2.Regression.SSOM.Standard.csproj", "{D81AE83A-BEEF-4099-B354-0B88D7396B25}"
EndProject
Project("{FAE04EC0-301F-11D3-BF4B-00C04F79EFBC}") = "SPMeta2.Regression.CSOM.Standard", "SPMeta2\SPMeta2.Regression.CSOM.Standard\SPMeta2.Regression.CSOM.Standard.csproj", "{33B40E92-C649-41FC-B774-53D259801B3B}"
EndProject
Project("{FAE04EC0-301F-11D3-BF4B-00C04F79EFBC}") = "SPMeta2.Containers", "SPMeta2\SPMeta2.Containers\SPMeta2.Containers.csproj", "{091C48FB-27E3-4F84-897C-5DE7BB55A2D3}"
EndProject
Project("{FAE04EC0-301F-11D3-BF4B-00C04F79EFBC}") = "SPMeta2.Containers.Standard", "SPMeta2\SPMeta2.Containers.Standard\SPMeta2.Containers.Standard.csproj", "{5793019F-7514-4B1F-B31D-A5E472FD034D}"
EndProject
Project("{FAE04EC0-301F-11D3-BF4B-00C04F79EFBC}") = "SPMeta2.Standard", "SPMeta2\SPMeta2.Standard\SPMeta2.Standard.csproj", "{F310878E-9B72-4C3C-AE5D-C60B3515E2FC}"
EndProject
Project("{FAE04EC0-301F-11D3-BF4B-00C04F79EFBC}") = "SPMeta2.Containers.CSOM", "SPMeta2\SPMeta2.Containers.CSOM\SPMeta2.Containers.CSOM.csproj", "{2A8F08ED-E837-4E91-8E49-B5F30CF9EEF3}"
EndProject
Project("{FAE04EC0-301F-11D3-BF4B-00C04F79EFBC}") = "SPMeta2.Containers.O365", "SPMeta2\SPMeta2.Containers.O365\SPMeta2.Containers.O365.csproj", "{8B199151-24BC-4C32-B69F-7371B37F33D4}"
EndProject
Project("{FAE04EC0-301F-11D3-BF4B-00C04F79EFBC}") = "SPMeta2.Containers.SSOM", "SPMeta2\SPMeta2.Containers.SSOM\SPMeta2.Containers.SSOM.csproj", "{04EF5903-B379-4404-8DBC-B21ABE0D1099}"
EndProject
Project("{FAE04EC0-301F-11D3-BF4B-00C04F79EFBC}") = "SPMeta2.Containers.O365v16", "SPMeta2\SPMeta2.Containers.O365v16\SPMeta2.Containers.O365v16.csproj", "{E9274D1F-BF08-44CB-9162-35110379D5C0}"
EndProject
Project("{FAE04EC0-301F-11D3-BF4B-00C04F79EFBC}") = "SPMeta2.Build", "SPMeta2\SPMeta2.Build\SPMeta2.Build.csproj", "{7B84193A-251E-47F1-BDD0-EDD85918D307}"
EndProject
Project("{FAE04EC0-301F-11D3-BF4B-00C04F79EFBC}") = "SPMeta2.Regression.Impl.Tests", "SPMeta2\SPMeta2.Regression.Impl.Tests\SPMeta2.Regression.Impl.Tests.csproj", "{B556A178-DA0A-4DA0-AF92-2D2504FBCDA9}"
EndProject
Project("{FAE04EC0-301F-11D3-BF4B-00C04F79EFBC}") = "SPMeta2.Containers.SandboxSolutionContainer", "SPMeta2\SPMeta2.Containers.SandboxSolutionContainer\SPMeta2.Containers.SandboxSolutionContainer.csproj", "{A88390A8-20F2-4247-A9C3-28480FEAEFA6}"
EndProject
Project("{FAE04EC0-301F-11D3-BF4B-00C04F79EFBC}") = "SPMeta2.Containers.AppContainer", "SPMeta2\SPMeta2.Containers.O365\SPMeta2.Containers.AppContainer\SPMeta2.Containers.AppContainer.csproj", "{16A7F927-A570-4EB0-90E6-887E676AF42B}"
EndProject
Project("{FAE04EC0-301F-11D3-BF4B-00C04F79EFBC}") = "SPMeta2.Containers.AppContainerWeb", "SPMeta2\SPMeta2.Containers.O365\SPMeta2.Containers.AppContainerWeb\SPMeta2.Containers.AppContainerWeb.csproj", "{16E57ADA-0D73-429E-96F7-87EAA03128D9}"
EndProject
Project("{FAE04EC0-301F-11D3-BF4B-00C04F79EFBC}") = "SPMeta2.Containers.FarmSolutionContainer", "SPMeta2\SPMeta2.Containers.FarmSolutionContainer\SPMeta2.Containers.FarmSolutionContainer.csproj", "{2A290D6E-6AF3-4D17-975D-3C393700A0B1}"
EndProject
Project("{FAE04EC0-301F-11D3-BF4B-00C04F79EFBC}") = "SPMeta2.Regression", "SPMeta2\SPMeta2.Regression\SPMeta2.Regression.csproj", "{0DE538C9-1723-46B1-90F8-5DC67C56D7DD}"
EndProject
Project("{FAE04EC0-301F-11D3-BF4B-00C04F79EFBC}") = "SubPointSolutions.Docs", "SPMeta2\SubPointSolutions.Docs\SubPointSolutions.Docs.csproj", "{B30F6CA8-3E96-4734-B6B1-A61F201099E4}"
EndProject
Project("{FAE04EC0-301F-11D3-BF4B-00C04F79EFBC}") = "Build", "SPMeta2\Build\Build.csproj", "{B9AD05BB-B576-46B8-89A0-FBC70C438B64}"
EndProject
Project("{FAE04EC0-301F-11D3-BF4B-00C04F79EFBC}") = "SPMeta2.Nintex", "SPMeta2\SPMeta2.Nintex\SPMeta2.Nintex.csproj", "{D19B0907-CED5-416A-9D45-0F112990C234}"
EndProject
Project("{FAE04EC0-301F-11D3-BF4B-00C04F79EFBC}") = "SPMeta2.Nintex.CSOM", "SPMeta2\SPMeta2.Nintex.CSOM\SPMeta2.Nintex.CSOM.csproj", "{588FC30F-1C85-410E-AB20-C9741DB28857}"
EndProject
Project("{FAE04EC0-301F-11D3-BF4B-00C04F79EFBC}") = "SPMeta2.Nintex.SSOM", "SPMeta2\SPMeta2.Nintex.SSOM\SPMeta2.Nintex.SSOM.csproj", "{788D7D6E-5347-4D09-BFF8-E83AD7CA1FD3}"
EndProject
Project("{FAE04EC0-301F-11D3-BF4B-00C04F79EFBC}") = "Regression", "SPMeta2\Regression\Regression.csproj", "{593FFE45-EFCC-43DC-8AA2-27236DD6160D}"
EndProject
Project("{FAE04EC0-301F-11D3-BF4B-00C04F79EFBC}") = "SPMeta2.Containers.FarmSolutionWebAppContainer", "SPMeta2\SPMeta2.Containers.FarmSolutionWebAppContainer\SPMeta2.Containers.FarmSolutionWebAppContainer.csproj", "{9A306EC6-DE61-49B9-940D-7C1A36FC15AD}"
EndProject
Project("{FAE04EC0-301F-11D3-BF4B-00C04F79EFBC}") = "SPMeta2.Containers.FarmSolutionWebAppContainer1", "SPMeta2\SPMeta2.Containers.FarmSolutionWebAppContainer1\SPMeta2.Containers.FarmSolutionWebAppContainer1.csproj", "{B9DDD9D7-99AF-4849-A559-C02558D4F774}"
EndProject
Global
	GlobalSection(SolutionConfigurationPlatforms) = preSolution
		Debug|Any CPU = Debug|Any CPU
		Debug40|Any CPU = Debug40|Any CPU
		Debug45|Any CPU = Debug45|Any CPU
		Release|Any CPU = Release|Any CPU
	EndGlobalSection
	GlobalSection(ProjectConfigurationPlatforms) = postSolution
		{A3A48F9F-1424-41CD-BF92-49D509C715CE}.Debug|Any CPU.ActiveCfg = Debug|Any CPU
		{A3A48F9F-1424-41CD-BF92-49D509C715CE}.Debug40|Any CPU.ActiveCfg = Debug40|Any CPU
		{A3A48F9F-1424-41CD-BF92-49D509C715CE}.Debug40|Any CPU.Build.0 = Debug40|Any CPU
		{A3A48F9F-1424-41CD-BF92-49D509C715CE}.Debug45|Any CPU.ActiveCfg = Debug45|Any CPU
		{A3A48F9F-1424-41CD-BF92-49D509C715CE}.Debug45|Any CPU.Build.0 = Debug45|Any CPU
		{A3A48F9F-1424-41CD-BF92-49D509C715CE}.Release|Any CPU.ActiveCfg = Release|Any CPU
		{A3A48F9F-1424-41CD-BF92-49D509C715CE}.Release|Any CPU.Build.0 = Release|Any CPU
		{EE49D3FD-6180-40E6-829F-6831FF89DAC6}.Debug|Any CPU.ActiveCfg = Debug|Any CPU
		{EE49D3FD-6180-40E6-829F-6831FF89DAC6}.Debug|Any CPU.Build.0 = Debug|Any CPU
		{EE49D3FD-6180-40E6-829F-6831FF89DAC6}.Debug40|Any CPU.ActiveCfg = Debug40|Any CPU
		{EE49D3FD-6180-40E6-829F-6831FF89DAC6}.Debug40|Any CPU.Build.0 = Debug40|Any CPU
		{EE49D3FD-6180-40E6-829F-6831FF89DAC6}.Debug45|Any CPU.ActiveCfg = Debug45|Any CPU
		{EE49D3FD-6180-40E6-829F-6831FF89DAC6}.Debug45|Any CPU.Build.0 = Debug45|Any CPU
		{EE49D3FD-6180-40E6-829F-6831FF89DAC6}.Release|Any CPU.ActiveCfg = Debug35|Any CPU
		{EE49D3FD-6180-40E6-829F-6831FF89DAC6}.Release|Any CPU.Build.0 = Debug35|Any CPU
		{6F7EBF0C-7124-44D6-B9EC-302A54A19FE4}.Debug|Any CPU.ActiveCfg = Debug|Any CPU
		{6F7EBF0C-7124-44D6-B9EC-302A54A19FE4}.Debug|Any CPU.Build.0 = Debug|Any CPU
		{6F7EBF0C-7124-44D6-B9EC-302A54A19FE4}.Debug40|Any CPU.ActiveCfg = Debug40|Any CPU
		{6F7EBF0C-7124-44D6-B9EC-302A54A19FE4}.Debug40|Any CPU.Build.0 = Debug40|Any CPU
		{6F7EBF0C-7124-44D6-B9EC-302A54A19FE4}.Debug45|Any CPU.ActiveCfg = Debug45|Any CPU
		{6F7EBF0C-7124-44D6-B9EC-302A54A19FE4}.Debug45|Any CPU.Build.0 = Debug45|Any CPU
		{6F7EBF0C-7124-44D6-B9EC-302A54A19FE4}.Release|Any CPU.ActiveCfg = Debug35|Any CPU
		{6F7EBF0C-7124-44D6-B9EC-302A54A19FE4}.Release|Any CPU.Build.0 = Debug35|Any CPU
		{5E592EAA-E21F-4BF4-8EDF-6F6452DC916A}.Debug|Any CPU.ActiveCfg = Debug|Any CPU
		{5E592EAA-E21F-4BF4-8EDF-6F6452DC916A}.Debug|Any CPU.Build.0 = Debug|Any CPU
		{5E592EAA-E21F-4BF4-8EDF-6F6452DC916A}.Debug40|Any CPU.ActiveCfg = Debug40|Any CPU
		{5E592EAA-E21F-4BF4-8EDF-6F6452DC916A}.Debug40|Any CPU.Build.0 = Debug40|Any CPU
		{5E592EAA-E21F-4BF4-8EDF-6F6452DC916A}.Debug45|Any CPU.ActiveCfg = Debug45|Any CPU
		{5E592EAA-E21F-4BF4-8EDF-6F6452DC916A}.Debug45|Any CPU.Build.0 = Debug45|Any CPU
		{5E592EAA-E21F-4BF4-8EDF-6F6452DC916A}.Release|Any CPU.ActiveCfg = Debug35|Any CPU
		{5E592EAA-E21F-4BF4-8EDF-6F6452DC916A}.Release|Any CPU.Build.0 = Debug35|Any CPU
		{4C4A0044-FBE1-46D8-B8DB-EB579831CDB6}.Debug|Any CPU.ActiveCfg = Debug|Any CPU
		{4C4A0044-FBE1-46D8-B8DB-EB579831CDB6}.Debug|Any CPU.Build.0 = Debug|Any CPU
		{4C4A0044-FBE1-46D8-B8DB-EB579831CDB6}.Debug40|Any CPU.ActiveCfg = Debug40|Any CPU
		{4C4A0044-FBE1-46D8-B8DB-EB579831CDB6}.Debug40|Any CPU.Build.0 = Debug40|Any CPU
		{4C4A0044-FBE1-46D8-B8DB-EB579831CDB6}.Debug45|Any CPU.ActiveCfg = Debug45|Any CPU
		{4C4A0044-FBE1-46D8-B8DB-EB579831CDB6}.Debug45|Any CPU.Build.0 = Debug45|Any CPU
		{4C4A0044-FBE1-46D8-B8DB-EB579831CDB6}.Release|Any CPU.ActiveCfg = Release|Any CPU
		{4C4A0044-FBE1-46D8-B8DB-EB579831CDB6}.Release|Any CPU.Build.0 = Release|Any CPU
		{FBD78AC1-B766-4332-A9B1-C73EE64FD5C6}.Debug|Any CPU.ActiveCfg = Debug|Any CPU
		{FBD78AC1-B766-4332-A9B1-C73EE64FD5C6}.Debug|Any CPU.Build.0 = Debug|Any CPU
		{FBD78AC1-B766-4332-A9B1-C73EE64FD5C6}.Debug40|Any CPU.ActiveCfg = Debug40|Any CPU
		{FBD78AC1-B766-4332-A9B1-C73EE64FD5C6}.Debug40|Any CPU.Build.0 = Debug40|Any CPU
		{FBD78AC1-B766-4332-A9B1-C73EE64FD5C6}.Debug45|Any CPU.ActiveCfg = Debug45|Any CPU
		{FBD78AC1-B766-4332-A9B1-C73EE64FD5C6}.Debug45|Any CPU.Build.0 = Debug45|Any CPU
		{FBD78AC1-B766-4332-A9B1-C73EE64FD5C6}.Release|Any CPU.ActiveCfg = Debug35|Any CPU
		{FBD78AC1-B766-4332-A9B1-C73EE64FD5C6}.Release|Any CPU.Build.0 = Debug35|Any CPU
		{2DA71A5B-C039-4A2E-9985-91D6501F293C}.Debug|Any CPU.ActiveCfg = Debug|Any CPU
		{2DA71A5B-C039-4A2E-9985-91D6501F293C}.Debug|Any CPU.Build.0 = Debug|Any CPU
		{2DA71A5B-C039-4A2E-9985-91D6501F293C}.Debug40|Any CPU.ActiveCfg = Debug40|Any CPU
		{2DA71A5B-C039-4A2E-9985-91D6501F293C}.Debug40|Any CPU.Build.0 = Debug40|Any CPU
		{2DA71A5B-C039-4A2E-9985-91D6501F293C}.Debug45|Any CPU.ActiveCfg = Debug45|Any CPU
		{2DA71A5B-C039-4A2E-9985-91D6501F293C}.Debug45|Any CPU.Build.0 = Debug45|Any CPU
		{2DA71A5B-C039-4A2E-9985-91D6501F293C}.Release|Any CPU.ActiveCfg = Release|Any CPU
		{2DA71A5B-C039-4A2E-9985-91D6501F293C}.Release|Any CPU.Build.0 = Release|Any CPU
		{5A1B98BF-4EA4-4DEE-988F-FA62EEFC9EB0}.Debug|Any CPU.ActiveCfg = Debug|Any CPU
		{5A1B98BF-4EA4-4DEE-988F-FA62EEFC9EB0}.Debug|Any CPU.Build.0 = Debug|Any CPU
		{5A1B98BF-4EA4-4DEE-988F-FA62EEFC9EB0}.Debug40|Any CPU.ActiveCfg = Debug45|Any CPU
		{5A1B98BF-4EA4-4DEE-988F-FA62EEFC9EB0}.Debug40|Any CPU.Build.0 = Debug45|Any CPU
		{5A1B98BF-4EA4-4DEE-988F-FA62EEFC9EB0}.Debug45|Any CPU.ActiveCfg = Debug45|Any CPU
		{5A1B98BF-4EA4-4DEE-988F-FA62EEFC9EB0}.Debug45|Any CPU.Build.0 = Debug45|Any CPU
		{5A1B98BF-4EA4-4DEE-988F-FA62EEFC9EB0}.Release|Any CPU.ActiveCfg = Debug45|Any CPU
		{5A1B98BF-4EA4-4DEE-988F-FA62EEFC9EB0}.Release|Any CPU.Build.0 = Debug45|Any CPU
		{00E1581F-31D9-493E-AD16-C188AE966458}.Debug|Any CPU.ActiveCfg = Debug|Any CPU
		{00E1581F-31D9-493E-AD16-C188AE966458}.Debug|Any CPU.Build.0 = Debug|Any CPU
		{00E1581F-31D9-493E-AD16-C188AE966458}.Debug40|Any CPU.ActiveCfg = Debug40|Any CPU
		{00E1581F-31D9-493E-AD16-C188AE966458}.Debug40|Any CPU.Build.0 = Debug40|Any CPU
		{00E1581F-31D9-493E-AD16-C188AE966458}.Debug45|Any CPU.ActiveCfg = Debug45|Any CPU
		{00E1581F-31D9-493E-AD16-C188AE966458}.Debug45|Any CPU.Build.0 = Debug45|Any CPU
		{00E1581F-31D9-493E-AD16-C188AE966458}.Release|Any CPU.ActiveCfg = Release|Any CPU
		{00E1581F-31D9-493E-AD16-C188AE966458}.Release|Any CPU.Build.0 = Release|Any CPU
		{7D095A0D-0BDE-446D-8093-13E5685F1D3C}.Debug|Any CPU.ActiveCfg = Debug|Any CPU
		{7D095A0D-0BDE-446D-8093-13E5685F1D3C}.Debug|Any CPU.Build.0 = Debug|Any CPU
		{7D095A0D-0BDE-446D-8093-13E5685F1D3C}.Debug40|Any CPU.ActiveCfg = Debug40|Any CPU
		{7D095A0D-0BDE-446D-8093-13E5685F1D3C}.Debug40|Any CPU.Build.0 = Debug40|Any CPU
		{7D095A0D-0BDE-446D-8093-13E5685F1D3C}.Debug45|Any CPU.ActiveCfg = Debug45|Any CPU
		{7D095A0D-0BDE-446D-8093-13E5685F1D3C}.Debug45|Any CPU.Build.0 = Debug45|Any CPU
		{7D095A0D-0BDE-446D-8093-13E5685F1D3C}.Release|Any CPU.ActiveCfg = Debug35|Any CPU
		{7D095A0D-0BDE-446D-8093-13E5685F1D3C}.Release|Any CPU.Build.0 = Debug35|Any CPU
		{D81AE83A-BEEF-4099-B354-0B88D7396B25}.Debug|Any CPU.ActiveCfg = Debug|Any CPU
		{D81AE83A-BEEF-4099-B354-0B88D7396B25}.Debug|Any CPU.Build.0 = Debug|Any CPU
		{D81AE83A-BEEF-4099-B354-0B88D7396B25}.Debug40|Any CPU.ActiveCfg = Debug40|Any CPU
		{D81AE83A-BEEF-4099-B354-0B88D7396B25}.Debug40|Any CPU.Build.0 = Debug40|Any CPU
		{D81AE83A-BEEF-4099-B354-0B88D7396B25}.Debug45|Any CPU.ActiveCfg = Debug45|Any CPU
		{D81AE83A-BEEF-4099-B354-0B88D7396B25}.Debug45|Any CPU.Build.0 = Debug45|Any CPU
		{D81AE83A-BEEF-4099-B354-0B88D7396B25}.Release|Any CPU.ActiveCfg = Release|Any CPU
		{D81AE83A-BEEF-4099-B354-0B88D7396B25}.Release|Any CPU.Build.0 = Release|Any CPU
		{33B40E92-C649-41FC-B774-53D259801B3B}.Debug|Any CPU.ActiveCfg = Debug|Any CPU
		{33B40E92-C649-41FC-B774-53D259801B3B}.Debug|Any CPU.Build.0 = Debug|Any CPU
		{33B40E92-C649-41FC-B774-53D259801B3B}.Debug40|Any CPU.ActiveCfg = Debug40|Any CPU
		{33B40E92-C649-41FC-B774-53D259801B3B}.Debug40|Any CPU.Build.0 = Debug40|Any CPU
		{33B40E92-C649-41FC-B774-53D259801B3B}.Debug45|Any CPU.ActiveCfg = Debug45|Any CPU
		{33B40E92-C649-41FC-B774-53D259801B3B}.Debug45|Any CPU.Build.0 = Debug45|Any CPU
		{33B40E92-C649-41FC-B774-53D259801B3B}.Release|Any CPU.ActiveCfg = Release|Any CPU
		{33B40E92-C649-41FC-B774-53D259801B3B}.Release|Any CPU.Build.0 = Release|Any CPU
		{091C48FB-27E3-4F84-897C-5DE7BB55A2D3}.Debug|Any CPU.ActiveCfg = Debug|Any CPU
		{091C48FB-27E3-4F84-897C-5DE7BB55A2D3}.Debug|Any CPU.Build.0 = Debug|Any CPU
		{091C48FB-27E3-4F84-897C-5DE7BB55A2D3}.Debug40|Any CPU.ActiveCfg = Debug40|Any CPU
		{091C48FB-27E3-4F84-897C-5DE7BB55A2D3}.Debug40|Any CPU.Build.0 = Debug40|Any CPU
		{091C48FB-27E3-4F84-897C-5DE7BB55A2D3}.Debug45|Any CPU.ActiveCfg = Debug45|Any CPU
		{091C48FB-27E3-4F84-897C-5DE7BB55A2D3}.Debug45|Any CPU.Build.0 = Debug45|Any CPU
		{091C48FB-27E3-4F84-897C-5DE7BB55A2D3}.Release|Any CPU.ActiveCfg = Release|Any CPU
		{091C48FB-27E3-4F84-897C-5DE7BB55A2D3}.Release|Any CPU.Build.0 = Release|Any CPU
		{5793019F-7514-4B1F-B31D-A5E472FD034D}.Debug|Any CPU.ActiveCfg = Debug|Any CPU
		{5793019F-7514-4B1F-B31D-A5E472FD034D}.Debug|Any CPU.Build.0 = Debug|Any CPU
		{5793019F-7514-4B1F-B31D-A5E472FD034D}.Debug40|Any CPU.ActiveCfg = Debug40|Any CPU
		{5793019F-7514-4B1F-B31D-A5E472FD034D}.Debug40|Any CPU.Build.0 = Debug40|Any CPU
		{5793019F-7514-4B1F-B31D-A5E472FD034D}.Debug45|Any CPU.ActiveCfg = Debug45|Any CPU
		{5793019F-7514-4B1F-B31D-A5E472FD034D}.Debug45|Any CPU.Build.0 = Debug45|Any CPU
		{5793019F-7514-4B1F-B31D-A5E472FD034D}.Release|Any CPU.ActiveCfg = Release|Any CPU
		{5793019F-7514-4B1F-B31D-A5E472FD034D}.Release|Any CPU.Build.0 = Release|Any CPU
		{F310878E-9B72-4C3C-AE5D-C60B3515E2FC}.Debug|Any CPU.ActiveCfg = Debug|Any CPU
		{F310878E-9B72-4C3C-AE5D-C60B3515E2FC}.Debug|Any CPU.Build.0 = Debug|Any CPU
		{F310878E-9B72-4C3C-AE5D-C60B3515E2FC}.Debug40|Any CPU.ActiveCfg = Debug40|Any CPU
		{F310878E-9B72-4C3C-AE5D-C60B3515E2FC}.Debug40|Any CPU.Build.0 = Debug40|Any CPU
		{F310878E-9B72-4C3C-AE5D-C60B3515E2FC}.Debug45|Any CPU.ActiveCfg = Debug45|Any CPU
		{F310878E-9B72-4C3C-AE5D-C60B3515E2FC}.Debug45|Any CPU.Build.0 = Debug45|Any CPU
		{F310878E-9B72-4C3C-AE5D-C60B3515E2FC}.Release|Any CPU.ActiveCfg = Release|Any CPU
		{F310878E-9B72-4C3C-AE5D-C60B3515E2FC}.Release|Any CPU.Build.0 = Release|Any CPU
		{2A8F08ED-E837-4E91-8E49-B5F30CF9EEF3}.Debug|Any CPU.ActiveCfg = Debug|Any CPU
		{2A8F08ED-E837-4E91-8E49-B5F30CF9EEF3}.Debug|Any CPU.Build.0 = Debug|Any CPU
		{2A8F08ED-E837-4E91-8E49-B5F30CF9EEF3}.Debug40|Any CPU.ActiveCfg = Debug40|Any CPU
		{2A8F08ED-E837-4E91-8E49-B5F30CF9EEF3}.Debug40|Any CPU.Build.0 = Debug40|Any CPU
		{2A8F08ED-E837-4E91-8E49-B5F30CF9EEF3}.Debug45|Any CPU.ActiveCfg = Debug45|Any CPU
		{2A8F08ED-E837-4E91-8E49-B5F30CF9EEF3}.Debug45|Any CPU.Build.0 = Debug45|Any CPU
		{2A8F08ED-E837-4E91-8E49-B5F30CF9EEF3}.Release|Any CPU.ActiveCfg = Release|Any CPU
		{2A8F08ED-E837-4E91-8E49-B5F30CF9EEF3}.Release|Any CPU.Build.0 = Release|Any CPU
		{8B199151-24BC-4C32-B69F-7371B37F33D4}.Debug|Any CPU.ActiveCfg = Debug|Any CPU
		{8B199151-24BC-4C32-B69F-7371B37F33D4}.Debug|Any CPU.Build.0 = Debug|Any CPU
		{8B199151-24BC-4C32-B69F-7371B37F33D4}.Debug40|Any CPU.ActiveCfg = Debug40|Any CPU
		{8B199151-24BC-4C32-B69F-7371B37F33D4}.Debug40|Any CPU.Build.0 = Debug40|Any CPU
		{8B199151-24BC-4C32-B69F-7371B37F33D4}.Debug45|Any CPU.ActiveCfg = Debug45|Any CPU
		{8B199151-24BC-4C32-B69F-7371B37F33D4}.Debug45|Any CPU.Build.0 = Debug45|Any CPU
		{8B199151-24BC-4C32-B69F-7371B37F33D4}.Release|Any CPU.ActiveCfg = Release|Any CPU
		{8B199151-24BC-4C32-B69F-7371B37F33D4}.Release|Any CPU.Build.0 = Release|Any CPU
		{04EF5903-B379-4404-8DBC-B21ABE0D1099}.Debug|Any CPU.ActiveCfg = Debug|Any CPU
		{04EF5903-B379-4404-8DBC-B21ABE0D1099}.Debug|Any CPU.Build.0 = Debug|Any CPU
		{04EF5903-B379-4404-8DBC-B21ABE0D1099}.Debug40|Any CPU.ActiveCfg = Debug40|Any CPU
		{04EF5903-B379-4404-8DBC-B21ABE0D1099}.Debug40|Any CPU.Build.0 = Debug40|Any CPU
		{04EF5903-B379-4404-8DBC-B21ABE0D1099}.Debug45|Any CPU.ActiveCfg = Debug45|Any CPU
		{04EF5903-B379-4404-8DBC-B21ABE0D1099}.Debug45|Any CPU.Build.0 = Debug45|Any CPU
		{04EF5903-B379-4404-8DBC-B21ABE0D1099}.Release|Any CPU.ActiveCfg = Release|Any CPU
		{04EF5903-B379-4404-8DBC-B21ABE0D1099}.Release|Any CPU.Build.0 = Release|Any CPU
		{E9274D1F-BF08-44CB-9162-35110379D5C0}.Debug|Any CPU.ActiveCfg = Debug|Any CPU
		{E9274D1F-BF08-44CB-9162-35110379D5C0}.Debug40|Any CPU.ActiveCfg = Debug40|Any CPU
		{E9274D1F-BF08-44CB-9162-35110379D5C0}.Debug40|Any CPU.Build.0 = Debug40|Any CPU
		{E9274D1F-BF08-44CB-9162-35110379D5C0}.Debug45|Any CPU.ActiveCfg = Debug45|Any CPU
		{E9274D1F-BF08-44CB-9162-35110379D5C0}.Debug45|Any CPU.Build.0 = Debug45|Any CPU
		{E9274D1F-BF08-44CB-9162-35110379D5C0}.Release|Any CPU.ActiveCfg = Release|Any CPU
		{E9274D1F-BF08-44CB-9162-35110379D5C0}.Release|Any CPU.Build.0 = Release|Any CPU
		{7B84193A-251E-47F1-BDD0-EDD85918D307}.Debug|Any CPU.ActiveCfg = Debug|Any CPU
		{7B84193A-251E-47F1-BDD0-EDD85918D307}.Debug40|Any CPU.ActiveCfg = Debug|Any CPU
		{7B84193A-251E-47F1-BDD0-EDD85918D307}.Debug40|Any CPU.Build.0 = Debug|Any CPU
		{7B84193A-251E-47F1-BDD0-EDD85918D307}.Debug45|Any CPU.ActiveCfg = Debug|Any CPU
		{7B84193A-251E-47F1-BDD0-EDD85918D307}.Debug45|Any CPU.Build.0 = Debug|Any CPU
		{7B84193A-251E-47F1-BDD0-EDD85918D307}.Release|Any CPU.ActiveCfg = Release|Any CPU
		{7B84193A-251E-47F1-BDD0-EDD85918D307}.Release|Any CPU.Build.0 = Release|Any CPU
		{B556A178-DA0A-4DA0-AF92-2D2504FBCDA9}.Debug|Any CPU.ActiveCfg = Debug|Any CPU
		{B556A178-DA0A-4DA0-AF92-2D2504FBCDA9}.Debug|Any CPU.Build.0 = Debug|Any CPU
		{B556A178-DA0A-4DA0-AF92-2D2504FBCDA9}.Debug40|Any CPU.ActiveCfg = Debug|Any CPU
		{B556A178-DA0A-4DA0-AF92-2D2504FBCDA9}.Debug40|Any CPU.Build.0 = Debug|Any CPU
		{B556A178-DA0A-4DA0-AF92-2D2504FBCDA9}.Debug45|Any CPU.ActiveCfg = Debug|Any CPU
		{B556A178-DA0A-4DA0-AF92-2D2504FBCDA9}.Debug45|Any CPU.Build.0 = Debug|Any CPU
		{B556A178-DA0A-4DA0-AF92-2D2504FBCDA9}.Release|Any CPU.ActiveCfg = Release|Any CPU
		{B556A178-DA0A-4DA0-AF92-2D2504FBCDA9}.Release|Any CPU.Build.0 = Release|Any CPU
		{A88390A8-20F2-4247-A9C3-28480FEAEFA6}.Debug|Any CPU.ActiveCfg = Debug|Any CPU
		{A88390A8-20F2-4247-A9C3-28480FEAEFA6}.Debug40|Any CPU.ActiveCfg = Debug|Any CPU
		{A88390A8-20F2-4247-A9C3-28480FEAEFA6}.Debug40|Any CPU.Build.0 = Debug|Any CPU
		{A88390A8-20F2-4247-A9C3-28480FEAEFA6}.Debug40|Any CPU.Deploy.0 = Debug|Any CPU
		{A88390A8-20F2-4247-A9C3-28480FEAEFA6}.Debug45|Any CPU.ActiveCfg = Debug|Any CPU
		{A88390A8-20F2-4247-A9C3-28480FEAEFA6}.Debug45|Any CPU.Build.0 = Debug|Any CPU
		{A88390A8-20F2-4247-A9C3-28480FEAEFA6}.Debug45|Any CPU.Deploy.0 = Debug|Any CPU
		{A88390A8-20F2-4247-A9C3-28480FEAEFA6}.Release|Any CPU.ActiveCfg = Release|Any CPU
		{A88390A8-20F2-4247-A9C3-28480FEAEFA6}.Release|Any CPU.Build.0 = Release|Any CPU
		{A88390A8-20F2-4247-A9C3-28480FEAEFA6}.Release|Any CPU.Deploy.0 = Release|Any CPU
		{16A7F927-A570-4EB0-90E6-887E676AF42B}.Debug|Any CPU.ActiveCfg = Debug|Any CPU
		{16A7F927-A570-4EB0-90E6-887E676AF42B}.Debug40|Any CPU.ActiveCfg = Debug|Any CPU
		{16A7F927-A570-4EB0-90E6-887E676AF42B}.Debug40|Any CPU.Build.0 = Debug|Any CPU
		{16A7F927-A570-4EB0-90E6-887E676AF42B}.Debug40|Any CPU.Deploy.0 = Debug|Any CPU
		{16A7F927-A570-4EB0-90E6-887E676AF42B}.Debug45|Any CPU.ActiveCfg = Debug|Any CPU
		{16A7F927-A570-4EB0-90E6-887E676AF42B}.Debug45|Any CPU.Build.0 = Debug|Any CPU
		{16A7F927-A570-4EB0-90E6-887E676AF42B}.Debug45|Any CPU.Deploy.0 = Debug|Any CPU
		{16A7F927-A570-4EB0-90E6-887E676AF42B}.Release|Any CPU.ActiveCfg = Release|Any CPU
		{16A7F927-A570-4EB0-90E6-887E676AF42B}.Release|Any CPU.Build.0 = Release|Any CPU
		{16A7F927-A570-4EB0-90E6-887E676AF42B}.Release|Any CPU.Deploy.0 = Release|Any CPU
		{16E57ADA-0D73-429E-96F7-87EAA03128D9}.Debug|Any CPU.ActiveCfg = Debug|Any CPU
		{16E57ADA-0D73-429E-96F7-87EAA03128D9}.Debug40|Any CPU.ActiveCfg = Debug|Any CPU
		{16E57ADA-0D73-429E-96F7-87EAA03128D9}.Debug40|Any CPU.Build.0 = Debug|Any CPU
		{16E57ADA-0D73-429E-96F7-87EAA03128D9}.Debug45|Any CPU.ActiveCfg = Debug|Any CPU
		{16E57ADA-0D73-429E-96F7-87EAA03128D9}.Debug45|Any CPU.Build.0 = Debug|Any CPU
		{16E57ADA-0D73-429E-96F7-87EAA03128D9}.Release|Any CPU.ActiveCfg = Release|Any CPU
		{16E57ADA-0D73-429E-96F7-87EAA03128D9}.Release|Any CPU.Build.0 = Release|Any CPU
		{2A290D6E-6AF3-4D17-975D-3C393700A0B1}.Debug|Any CPU.ActiveCfg = Debug|Any CPU
		{2A290D6E-6AF3-4D17-975D-3C393700A0B1}.Debug40|Any CPU.ActiveCfg = Debug|Any CPU
		{2A290D6E-6AF3-4D17-975D-3C393700A0B1}.Debug40|Any CPU.Build.0 = Debug|Any CPU
		{2A290D6E-6AF3-4D17-975D-3C393700A0B1}.Debug40|Any CPU.Deploy.0 = Debug|Any CPU
		{2A290D6E-6AF3-4D17-975D-3C393700A0B1}.Debug45|Any CPU.ActiveCfg = Debug|Any CPU
		{2A290D6E-6AF3-4D17-975D-3C393700A0B1}.Debug45|Any CPU.Build.0 = Debug|Any CPU
		{2A290D6E-6AF3-4D17-975D-3C393700A0B1}.Debug45|Any CPU.Deploy.0 = Debug|Any CPU
		{2A290D6E-6AF3-4D17-975D-3C393700A0B1}.Release|Any CPU.ActiveCfg = Release|Any CPU
		{2A290D6E-6AF3-4D17-975D-3C393700A0B1}.Release|Any CPU.Build.0 = Release|Any CPU
		{2A290D6E-6AF3-4D17-975D-3C393700A0B1}.Release|Any CPU.Deploy.0 = Release|Any CPU
		{0DE538C9-1723-46B1-90F8-5DC67C56D7DD}.Debug|Any CPU.ActiveCfg = Debug|Any CPU
		{0DE538C9-1723-46B1-90F8-5DC67C56D7DD}.Debug|Any CPU.Build.0 = Debug|Any CPU
		{0DE538C9-1723-46B1-90F8-5DC67C56D7DD}.Debug40|Any CPU.ActiveCfg = Debug|Any CPU
		{0DE538C9-1723-46B1-90F8-5DC67C56D7DD}.Debug40|Any CPU.Build.0 = Debug|Any CPU
		{0DE538C9-1723-46B1-90F8-5DC67C56D7DD}.Debug45|Any CPU.ActiveCfg = Debug|Any CPU
		{0DE538C9-1723-46B1-90F8-5DC67C56D7DD}.Debug45|Any CPU.Build.0 = Debug|Any CPU
		{0DE538C9-1723-46B1-90F8-5DC67C56D7DD}.Release|Any CPU.ActiveCfg = Release|Any CPU
		{0DE538C9-1723-46B1-90F8-5DC67C56D7DD}.Release|Any CPU.Build.0 = Release|Any CPU
		{B30F6CA8-3E96-4734-B6B1-A61F201099E4}.Debug|Any CPU.ActiveCfg = Debug|Any CPU
		{B30F6CA8-3E96-4734-B6B1-A61F201099E4}.Debug40|Any CPU.ActiveCfg = Debug|Any CPU
		{B30F6CA8-3E96-4734-B6B1-A61F201099E4}.Debug40|Any CPU.Build.0 = Debug|Any CPU
		{B30F6CA8-3E96-4734-B6B1-A61F201099E4}.Debug45|Any CPU.ActiveCfg = Debug|Any CPU
		{B30F6CA8-3E96-4734-B6B1-A61F201099E4}.Debug45|Any CPU.Build.0 = Debug|Any CPU
		{B30F6CA8-3E96-4734-B6B1-A61F201099E4}.Release|Any CPU.ActiveCfg = Release|Any CPU
		{B30F6CA8-3E96-4734-B6B1-A61F201099E4}.Release|Any CPU.Build.0 = Release|Any CPU
		{B9AD05BB-B576-46B8-89A0-FBC70C438B64}.Debug|Any CPU.ActiveCfg = Debug|Any CPU
		{B9AD05BB-B576-46B8-89A0-FBC70C438B64}.Debug40|Any CPU.ActiveCfg = Debug|Any CPU
		{B9AD05BB-B576-46B8-89A0-FBC70C438B64}.Debug40|Any CPU.Build.0 = Debug|Any CPU
		{B9AD05BB-B576-46B8-89A0-FBC70C438B64}.Debug45|Any CPU.ActiveCfg = Debug|Any CPU
		{B9AD05BB-B576-46B8-89A0-FBC70C438B64}.Debug45|Any CPU.Build.0 = Debug|Any CPU
		{B9AD05BB-B576-46B8-89A0-FBC70C438B64}.Release|Any CPU.ActiveCfg = Release|Any CPU
		{B9AD05BB-B576-46B8-89A0-FBC70C438B64}.Release|Any CPU.Build.0 = Release|Any CPU
		{D19B0907-CED5-416A-9D45-0F112990C234}.Debug|Any CPU.ActiveCfg = Debug|Any CPU
		{D19B0907-CED5-416A-9D45-0F112990C234}.Debug|Any CPU.Build.0 = Debug|Any CPU
		{D19B0907-CED5-416A-9D45-0F112990C234}.Debug40|Any CPU.ActiveCfg = Debug|Any CPU
		{D19B0907-CED5-416A-9D45-0F112990C234}.Debug40|Any CPU.Build.0 = Debug|Any CPU
		{D19B0907-CED5-416A-9D45-0F112990C234}.Debug45|Any CPU.ActiveCfg = Debug|Any CPU
		{D19B0907-CED5-416A-9D45-0F112990C234}.Debug45|Any CPU.Build.0 = Debug|Any CPU
		{D19B0907-CED5-416A-9D45-0F112990C234}.Release|Any CPU.ActiveCfg = Release|Any CPU
		{D19B0907-CED5-416A-9D45-0F112990C234}.Release|Any CPU.Build.0 = Release|Any CPU
		{588FC30F-1C85-410E-AB20-C9741DB28857}.Debug|Any CPU.ActiveCfg = Debug|Any CPU
		{588FC30F-1C85-410E-AB20-C9741DB28857}.Debug|Any CPU.Build.0 = Debug|Any CPU
		{588FC30F-1C85-410E-AB20-C9741DB28857}.Debug40|Any CPU.ActiveCfg = Debug|Any CPU
		{588FC30F-1C85-410E-AB20-C9741DB28857}.Debug40|Any CPU.Build.0 = Debug|Any CPU
		{588FC30F-1C85-410E-AB20-C9741DB28857}.Debug45|Any CPU.ActiveCfg = Debug|Any CPU
		{588FC30F-1C85-410E-AB20-C9741DB28857}.Debug45|Any CPU.Build.0 = Debug|Any CPU
		{588FC30F-1C85-410E-AB20-C9741DB28857}.Release|Any CPU.ActiveCfg = Release|Any CPU
		{588FC30F-1C85-410E-AB20-C9741DB28857}.Release|Any CPU.Build.0 = Release|Any CPU
		{788D7D6E-5347-4D09-BFF8-E83AD7CA1FD3}.Debug|Any CPU.ActiveCfg = Debug|Any CPU
		{788D7D6E-5347-4D09-BFF8-E83AD7CA1FD3}.Debug|Any CPU.Build.0 = Debug|Any CPU
		{788D7D6E-5347-4D09-BFF8-E83AD7CA1FD3}.Debug40|Any CPU.ActiveCfg = Debug|Any CPU
		{788D7D6E-5347-4D09-BFF8-E83AD7CA1FD3}.Debug40|Any CPU.Build.0 = Debug|Any CPU
		{788D7D6E-5347-4D09-BFF8-E83AD7CA1FD3}.Debug45|Any CPU.ActiveCfg = Debug|Any CPU
		{788D7D6E-5347-4D09-BFF8-E83AD7CA1FD3}.Debug45|Any CPU.Build.0 = Debug|Any CPU
		{788D7D6E-5347-4D09-BFF8-E83AD7CA1FD3}.Release|Any CPU.ActiveCfg = Release|Any CPU
		{788D7D6E-5347-4D09-BFF8-E83AD7CA1FD3}.Release|Any CPU.Build.0 = Release|Any CPU
		{593FFE45-EFCC-43DC-8AA2-27236DD6160D}.Debug|Any CPU.ActiveCfg = Debug|Any CPU
		{593FFE45-EFCC-43DC-8AA2-27236DD6160D}.Debug40|Any CPU.ActiveCfg = Debug|Any CPU
		{593FFE45-EFCC-43DC-8AA2-27236DD6160D}.Debug40|Any CPU.Build.0 = Debug|Any CPU
		{593FFE45-EFCC-43DC-8AA2-27236DD6160D}.Debug45|Any CPU.ActiveCfg = Debug|Any CPU
		{593FFE45-EFCC-43DC-8AA2-27236DD6160D}.Debug45|Any CPU.Build.0 = Debug|Any CPU
		{593FFE45-EFCC-43DC-8AA2-27236DD6160D}.Release|Any CPU.ActiveCfg = Release|Any CPU
		{593FFE45-EFCC-43DC-8AA2-27236DD6160D}.Release|Any CPU.Build.0 = Release|Any CPU
		{9A306EC6-DE61-49B9-940D-7C1A36FC15AD}.Debug|Any CPU.ActiveCfg = Debug|Any CPU
		{9A306EC6-DE61-49B9-940D-7C1A36FC15AD}.Debug|Any CPU.Build.0 = Debug|Any CPU
		{9A306EC6-DE61-49B9-940D-7C1A36FC15AD}.Debug|Any CPU.Deploy.0 = Debug|Any CPU
		{9A306EC6-DE61-49B9-940D-7C1A36FC15AD}.Debug40|Any CPU.ActiveCfg = Debug|Any CPU
		{9A306EC6-DE61-49B9-940D-7C1A36FC15AD}.Debug40|Any CPU.Build.0 = Debug|Any CPU
		{9A306EC6-DE61-49B9-940D-7C1A36FC15AD}.Debug40|Any CPU.Deploy.0 = Debug|Any CPU
		{9A306EC6-DE61-49B9-940D-7C1A36FC15AD}.Debug45|Any CPU.ActiveCfg = Debug|Any CPU
		{9A306EC6-DE61-49B9-940D-7C1A36FC15AD}.Debug45|Any CPU.Build.0 = Debug|Any CPU
		{9A306EC6-DE61-49B9-940D-7C1A36FC15AD}.Debug45|Any CPU.Deploy.0 = Debug|Any CPU
		{9A306EC6-DE61-49B9-940D-7C1A36FC15AD}.Release|Any CPU.ActiveCfg = Release|Any CPU
		{9A306EC6-DE61-49B9-940D-7C1A36FC15AD}.Release|Any CPU.Build.0 = Release|Any CPU
		{9A306EC6-DE61-49B9-940D-7C1A36FC15AD}.Release|Any CPU.Deploy.0 = Release|Any CPU
		{B9DDD9D7-99AF-4849-A559-C02558D4F774}.Debug|Any CPU.ActiveCfg = Debug|Any CPU
		{B9DDD9D7-99AF-4849-A559-C02558D4F774}.Debug|Any CPU.Build.0 = Debug|Any CPU
		{B9DDD9D7-99AF-4849-A559-C02558D4F774}.Debug|Any CPU.Deploy.0 = Debug|Any CPU
		{B9DDD9D7-99AF-4849-A559-C02558D4F774}.Debug40|Any CPU.ActiveCfg = Debug|Any CPU
		{B9DDD9D7-99AF-4849-A559-C02558D4F774}.Debug40|Any CPU.Build.0 = Debug|Any CPU
		{B9DDD9D7-99AF-4849-A559-C02558D4F774}.Debug40|Any CPU.Deploy.0 = Debug|Any CPU
		{B9DDD9D7-99AF-4849-A559-C02558D4F774}.Debug45|Any CPU.ActiveCfg = Debug|Any CPU
		{B9DDD9D7-99AF-4849-A559-C02558D4F774}.Debug45|Any CPU.Build.0 = Debug|Any CPU
		{B9DDD9D7-99AF-4849-A559-C02558D4F774}.Debug45|Any CPU.Deploy.0 = Debug|Any CPU
		{B9DDD9D7-99AF-4849-A559-C02558D4F774}.Release|Any CPU.ActiveCfg = Release|Any CPU
		{B9DDD9D7-99AF-4849-A559-C02558D4F774}.Release|Any CPU.Build.0 = Release|Any CPU
		{B9DDD9D7-99AF-4849-A559-C02558D4F774}.Release|Any CPU.Deploy.0 = Release|Any CPU
	EndGlobalSection
	GlobalSection(SolutionProperties) = preSolution
		HideSolutionNode = FALSE
	EndGlobalSection
	GlobalSection(NestedProjects) = preSolution
		{F033F269-10B2-426D-9D8D-FCC9383498DF} = {8A0307D3-5564-4034-9DB1-D13FEE1DADD9}
		{4145FC34-6ED3-4C44-B700-C7F350E6FE7F} = {8A0307D3-5564-4034-9DB1-D13FEE1DADD9}
		{94191759-5F75-41E2-AA43-E1BF6B151C96} = {8A0307D3-5564-4034-9DB1-D13FEE1DADD9}
		{AA39B47D-287D-4DAC-A1B6-CBEE826B0D83} = {E79C8EBA-BB08-4D47-882E-2E9D5E04F4B5}
		{42ABDD31-F19A-4D2D-995E-5C68197A5AFB} = {8A0307D3-5564-4034-9DB1-D13FEE1DADD9}
		{2D69B084-1813-41D6-B995-E0C9200E5264} = {E79C8EBA-BB08-4D47-882E-2E9D5E04F4B5}
		{AAD233F1-B9CE-4D41-8065-36F21CEE797B} = {2D69B084-1813-41D6-B995-E0C9200E5264}
		{7142CBDC-7BBA-4C46-9E55-F4B7EEBB0901} = {E79C8EBA-BB08-4D47-882E-2E9D5E04F4B5}
		{358E83EE-8ABA-463E-A868-3906865FDA39} = {2D69B084-1813-41D6-B995-E0C9200E5264}
		{A3A48F9F-1424-41CD-BF92-49D509C715CE} = {EE9BD842-2CA9-45B2-AB7C-A8EB0353AAB7}
		{EE49D3FD-6180-40E6-829F-6831FF89DAC6} = {E82F6DFA-D355-449F-A964-B30529CC9D50}
		{6F7EBF0C-7124-44D6-B9EC-302A54A19FE4} = {F033F269-10B2-426D-9D8D-FCC9383498DF}
		{5E592EAA-E21F-4BF4-8EDF-6F6452DC916A} = {F033F269-10B2-426D-9D8D-FCC9383498DF}
		{4C4A0044-FBE1-46D8-B8DB-EB579831CDB6} = {42ABDD31-F19A-4D2D-995E-5C68197A5AFB}
		{FBD78AC1-B766-4332-A9B1-C73EE64FD5C6} = {94191759-5F75-41E2-AA43-E1BF6B151C96}
		{2DA71A5B-C039-4A2E-9985-91D6501F293C} = {7142CBDC-7BBA-4C46-9E55-F4B7EEBB0901}
		{5A1B98BF-4EA4-4DEE-988F-FA62EEFC9EB0} = {AA39B47D-287D-4DAC-A1B6-CBEE826B0D83}
		{00E1581F-31D9-493E-AD16-C188AE966458} = {AA39B47D-287D-4DAC-A1B6-CBEE826B0D83}
		{7D095A0D-0BDE-446D-8093-13E5685F1D3C} = {94191759-5F75-41E2-AA43-E1BF6B151C96}
		{D81AE83A-BEEF-4099-B354-0B88D7396B25} = {AA39B47D-287D-4DAC-A1B6-CBEE826B0D83}
		{33B40E92-C649-41FC-B774-53D259801B3B} = {AA39B47D-287D-4DAC-A1B6-CBEE826B0D83}
		{091C48FB-27E3-4F84-897C-5DE7BB55A2D3} = {2D69B084-1813-41D6-B995-E0C9200E5264}
		{5793019F-7514-4B1F-B31D-A5E472FD034D} = {2D69B084-1813-41D6-B995-E0C9200E5264}
		{F310878E-9B72-4C3C-AE5D-C60B3515E2FC} = {E82F6DFA-D355-449F-A964-B30529CC9D50}
		{2A8F08ED-E837-4E91-8E49-B5F30CF9EEF3} = {AAD233F1-B9CE-4D41-8065-36F21CEE797B}
		{8B199151-24BC-4C32-B69F-7371B37F33D4} = {AAD233F1-B9CE-4D41-8065-36F21CEE797B}
		{04EF5903-B379-4404-8DBC-B21ABE0D1099} = {AAD233F1-B9CE-4D41-8065-36F21CEE797B}
		{E9274D1F-BF08-44CB-9162-35110379D5C0} = {AAD233F1-B9CE-4D41-8065-36F21CEE797B}
		{7B84193A-251E-47F1-BDD0-EDD85918D307} = {EE9BD842-2CA9-45B2-AB7C-A8EB0353AAB7}
		{B556A178-DA0A-4DA0-AF92-2D2504FBCDA9} = {7142CBDC-7BBA-4C46-9E55-F4B7EEBB0901}
		{A88390A8-20F2-4247-A9C3-28480FEAEFA6} = {358E83EE-8ABA-463E-A868-3906865FDA39}
		{16A7F927-A570-4EB0-90E6-887E676AF42B} = {358E83EE-8ABA-463E-A868-3906865FDA39}
		{16E57ADA-0D73-429E-96F7-87EAA03128D9} = {358E83EE-8ABA-463E-A868-3906865FDA39}
		{2A290D6E-6AF3-4D17-975D-3C393700A0B1} = {358E83EE-8ABA-463E-A868-3906865FDA39}
		{0DE538C9-1723-46B1-90F8-5DC67C56D7DD} = {AA39B47D-287D-4DAC-A1B6-CBEE826B0D83}
		{B30F6CA8-3E96-4734-B6B1-A61F201099E4} = {7DCBDB97-13FC-4A07-B49C-2300D2FBCF8D}
		{B9AD05BB-B576-46B8-89A0-FBC70C438B64} = {EE9BD842-2CA9-45B2-AB7C-A8EB0353AAB7}
		{D19B0907-CED5-416A-9D45-0F112990C234} = {543E02CC-AA4A-4B1F-ABBD-2C88CFAA463C}
		{588FC30F-1C85-410E-AB20-C9741DB28857} = {543E02CC-AA4A-4B1F-ABBD-2C88CFAA463C}
		{788D7D6E-5347-4D09-BFF8-E83AD7CA1FD3} = {543E02CC-AA4A-4B1F-ABBD-2C88CFAA463C}
		{593FFE45-EFCC-43DC-8AA2-27236DD6160D} = {EE9BD842-2CA9-45B2-AB7C-A8EB0353AAB7}
		{9A306EC6-DE61-49B9-940D-7C1A36FC15AD} = {358E83EE-8ABA-463E-A868-3906865FDA39}
		{B9DDD9D7-99AF-4849-A559-C02558D4F774} = {358E83EE-8ABA-463E-A868-3906865FDA39}
	EndGlobalSection
	GlobalSection(ExtensibilityGlobals) = postSolution
		BuildVersion_StartDate = 2000/1/1
		BuildVersion_UpdateFileVersion = True
	EndGlobalSection
EndGlobal
